PODS:
  - LookinServer (1.0.0)
  - WeexSDK (0.26.0)

DEPENDENCIES:
  - LookinServer
  - WeexSDK

SPEC REPOS:
  trunk:
    - LookinServer
    - WeexSDK

SPEC CHECKSUMS:
  LookinServer: 0002891cd3cec5e082a910e897dfe71b4f06b89e
  WeexSDK: 55b67d1c411eb28ec1e356f763a335d0ddcc5324

PODFILE CHECKSUM: 4fc067604ec6b5a9085c0efc0d50815611d9d1c0

COCOAPODS: 1.8.4
