// !$*UTF8*$!
{
	archiveVersion = 1;
	classes = {
	};
	objectVersion = 46;
	objects = {

/* Begin PBXBuildFile section */
		882C996C1E8BC39100BFDAC7 /* EventVC.m in Sources */ = {isa = PBXBuildFile; fileRef = 882C996A1E8BC39100BFDAC7 /* EventVC.m */; };
		882C996D1E8BC39100BFDAC7 /* EventVC.xib in Resources */ = {isa = PBXBuildFile; fileRef = 882C996B1E8BC39100BFDAC7 /* EventVC.xib */; };
		882C996F1E8D007500BFDAC7 /* MediaPlayer.framework in Frameworks */ = {isa = PBXBuildFile; fileRef = 882C996E1E8D007500BFDAC7 /* MediaPlayer.framework */; };
		882C99741E8D0CE300BFDAC7 /* RemoteEnvetVC.m in Sources */ = {isa = PBXBuildFile; fileRef = 882C99721E8D0CE300BFDAC7 /* RemoteEnvetVC.m */; };
		882C99751E8D0CE300BFDAC7 /* RemoteEnvetVC.xib in Resources */ = {isa = PBXBuildFile; fileRef = 882C99731E8D0CE300BFDAC7 /* RemoteEnvetVC.xib */; };
		882C99771E8D0D9000BFDAC7 /* AVFoundation.framework in Frameworks */ = {isa = PBXBuildFile; fileRef = 882C99761E8D0D9000BFDAC7 /* AVFoundation.framework */; };
		885960C61E7020DD00760090 /* TestGeneralAnimationVC.m in Sources */ = {isa = PBXBuildFile; fileRef = 885960C41E7020DD00760090 /* TestGeneralAnimationVC.m */; };
		885960C71E7020DD00760090 /* TestGeneralAnimationVC.xib in Resources */ = {isa = PBXBuildFile; fileRef = 885960C51E7020DD00760090 /* TestGeneralAnimationVC.xib */; };
		885960C91E70211C00760090 /* QuartzCore.framework in Frameworks */ = {isa = PBXBuildFile; fileRef = 885960C81E70211C00760090 /* QuartzCore.framework */; };
		885960E11E70222000760090 /* UIView+AnimationUtility.m in Sources */ = {isa = PBXBuildFile; fileRef = 885960CD1E70222000760090 /* UIView+AnimationUtility.m */; };
		8865C6021E8B4B52003AAEC4 /* LICENSE in Resources */ = {isa = PBXBuildFile; fileRef = 8865C5E61E8B4B52003AAEC4 /* LICENSE */; };
		8865C6031E8B4B52003AAEC4 /* MASCompositeConstraint.m in Sources */ = {isa = PBXBuildFile; fileRef = 8865C5E91E8B4B52003AAEC4 /* MASCompositeConstraint.m */; };
		8865C6041E8B4B52003AAEC4 /* MASConstraint.m in Sources */ = {isa = PBXBuildFile; fileRef = 8865C5EC1E8B4B52003AAEC4 /* MASConstraint.m */; };
		8865C6051E8B4B52003AAEC4 /* MASConstraintMaker.m in Sources */ = {isa = PBXBuildFile; fileRef = 8865C5EE1E8B4B52003AAEC4 /* MASConstraintMaker.m */; };
		8865C6061E8B4B52003AAEC4 /* MASLayoutConstraint.m in Sources */ = {isa = PBXBuildFile; fileRef = 8865C5F01E8B4B52003AAEC4 /* MASLayoutConstraint.m */; };
		8865C6071E8B4B52003AAEC4 /* MASViewAttribute.m in Sources */ = {isa = PBXBuildFile; fileRef = 8865C5F41E8B4B52003AAEC4 /* MASViewAttribute.m */; };
		8865C6081E8B4B52003AAEC4 /* MASViewConstraint.m in Sources */ = {isa = PBXBuildFile; fileRef = 8865C5F61E8B4B52003AAEC4 /* MASViewConstraint.m */; };
		8865C6091E8B4B52003AAEC4 /* NSArray+MASAdditions.m in Sources */ = {isa = PBXBuildFile; fileRef = 8865C5F81E8B4B52003AAEC4 /* NSArray+MASAdditions.m */; };
		8865C60A1E8B4B52003AAEC4 /* NSLayoutConstraint+MASDebugAdditions.m in Sources */ = {isa = PBXBuildFile; fileRef = 8865C5FB1E8B4B52003AAEC4 /* NSLayoutConstraint+MASDebugAdditions.m */; };
		8865C60B1E8B4B52003AAEC4 /* View+MASAdditions.m in Sources */ = {isa = PBXBuildFile; fileRef = 8865C5FD1E8B4B52003AAEC4 /* View+MASAdditions.m */; };
		8865C60C1E8B4B52003AAEC4 /* ViewController+MASAdditions.m in Sources */ = {isa = PBXBuildFile; fileRef = 8865C6001E8B4B52003AAEC4 /* ViewController+MASAdditions.m */; };
		8865C60D1E8B4B52003AAEC4 /* README.md in Sources */ = {isa = PBXBuildFile; fileRef = 8865C6011E8B4B52003AAEC4 /* README.md */; };
		889B2E961E89E98700ACD1A0 /* Demo2@2x.png in Resources */ = {isa = PBXBuildFile; fileRef = 889B2E941E89E98700ACD1A0 /* Demo2@2x.png */; };
		889B2E971E89E98700ACD1A0 /* Demo2@3x.png in Resources */ = {isa = PBXBuildFile; fileRef = 889B2E951E89E98700ACD1A0 /* Demo2@3x.png */; };
		889B2E9B1E8A978300ACD1A0 /* CubeVC.m in Sources */ = {isa = PBXBuildFile; fileRef = 889B2E991E8A978300ACD1A0 /* CubeVC.m */; };
		889B2E9C1E8A978300ACD1A0 /* CubeVC.xib in Resources */ = {isa = PBXBuildFile; fileRef = 889B2E9A1E8A978300ACD1A0 /* CubeVC.xib */; };
		889DBA391E6BFBA200520C77 /* CoreLocationVC.m in Sources */ = {isa = PBXBuildFile; fileRef = 889DBA371E6BFBA200520C77 /* CoreLocationVC.m */; };
		889DBA3A1E6BFBA200520C77 /* CoreLocationVC.xib in Resources */ = {isa = PBXBuildFile; fileRef = 889DBA381E6BFBA200520C77 /* CoreLocationVC.xib */; };
		889DBA3C1E6BFC4200520C77 /* CoreLocation.framework in Frameworks */ = {isa = PBXBuildFile; fileRef = 889DBA3B1E6BFC4200520C77 /* CoreLocation.framework */; };
		889DBA3E1E6BFC4D00520C77 /* MapKit.framework in Frameworks */ = {isa = PBXBuildFile; fileRef = 889DBA3D1E6BFC4D00520C77 /* MapKit.framework */; };
		889DBA461E74196F00520C77 /* OpenGLES.framework in Frameworks */ = {isa = PBXBuildFile; fileRef = 889DBA451E74196F00520C77 /* OpenGLES.framework */; };
		889DBA481E7419E400520C77 /* CoreGraphics.framework in Frameworks */ = {isa = PBXBuildFile; fileRef = 889DBA471E7419E400520C77 /* CoreGraphics.framework */; };
		889DBA4A1E7AC65700520C77 /* 概念.txt in Resources */ = {isa = PBXBuildFile; fileRef = 889DBA491E7AC65700520C77 /* 概念.txt */; };
		889DBA6E1E7E71F900520C77 /* Demo.png in Resources */ = {isa = PBXBuildFile; fileRef = 889DBA4C1E7E71F900520C77 /* Demo.png */; };
		889DBA6F1E7E71F900520C77 /* Quartz.pdf in Resources */ = {isa = PBXBuildFile; fileRef = 889DBA4D1E7E71F900520C77 /* Quartz.pdf */; };
		889DBA701E7E71F900520C77 /* QuartzBlending.m in Sources */ = {isa = PBXBuildFile; fileRef = 889DBA4F1E7E71F900520C77 /* QuartzBlending.m */; };
		889DBA711E7E71F900520C77 /* QuartzBlendingViewController.m in Sources */ = {isa = PBXBuildFile; fileRef = 889DBA511E7E71F900520C77 /* QuartzBlendingViewController.m */; };
		889DBA721E7E71F900520C77 /* QuartzClipping.m in Sources */ = {isa = PBXBuildFile; fileRef = 889DBA531E7E71F900520C77 /* QuartzClipping.m */; };
		889DBA731E7E71F900520C77 /* QuartzCurves.m in Sources */ = {isa = PBXBuildFile; fileRef = 889DBA551E7E71F900520C77 /* QuartzCurves.m */; };
		889DBA741E7E71F900520C77 /* QuartzDashViewController.m in Sources */ = {isa = PBXBuildFile; fileRef = 889DBA571E7E71F900520C77 /* QuartzDashViewController.m */; };
		889DBA751E7E71F900520C77 /* QuartzDemo-Info.plist in Resources */ = {isa = PBXBuildFile; fileRef = 889DBA581E7E71F900520C77 /* QuartzDemo-Info.plist */; };
		889DBA761E7E71F900520C77 /* QuartzDemoVC.m in Sources */ = {isa = PBXBuildFile; fileRef = 889DBA5B1E7E71F900520C77 /* QuartzDemoVC.m */; };
		889DBA771E7E71F900520C77 /* QuartzGradientViewController.m in Sources */ = {isa = PBXBuildFile; fileRef = 889DBA5D1E7E71F900520C77 /* QuartzGradientViewController.m */; };
		889DBA781E7E71F900520C77 /* QuartzImages.m in Sources */ = {isa = PBXBuildFile; fileRef = 889DBA5F1E7E71F900520C77 /* QuartzImages.m */; };
		889DBA791E7E71F900520C77 /* QuartzLines.m in Sources */ = {isa = PBXBuildFile; fileRef = 889DBA611E7E71F900520C77 /* QuartzLines.m */; };
		889DBA7A1E7E71F900520C77 /* QuartzLineViewController.m in Sources */ = {isa = PBXBuildFile; fileRef = 889DBA631E7E71F900520C77 /* QuartzLineViewController.m */; };
		889DBA7B1E7E71F900520C77 /* QuartzPolygons.m in Sources */ = {isa = PBXBuildFile; fileRef = 889DBA651E7E71F900520C77 /* QuartzPolygons.m */; };
		889DBA7C1E7E71F900520C77 /* QuartzPolyViewController.m in Sources */ = {isa = PBXBuildFile; fileRef = 889DBA671E7E71F900520C77 /* QuartzPolyViewController.m */; };
		889DBA7D1E7E71F900520C77 /* QuartzRendering.m in Sources */ = {isa = PBXBuildFile; fileRef = 889DBA691E7E71F900520C77 /* QuartzRendering.m */; };
		889DBA7E1E7E71F900520C77 /* QuartzStoryboard.storyboard in Resources */ = {isa = PBXBuildFile; fileRef = 889DBA6A1E7E71F900520C77 /* QuartzStoryboard.storyboard */; };
		889DBA7F1E7E71F900520C77 /* QuartzView.m in Sources */ = {isa = PBXBuildFile; fileRef = 889DBA6C1E7E71F900520C77 /* QuartzView.m */; };
		889DBA801E7E71F900520C77 /* Ship.png in Resources */ = {isa = PBXBuildFile; fileRef = 889DBA6D1E7E71F900520C77 /* Ship.png */; };
		889DBA841E7E724500520C77 /* CoreGraphicVC.m in Sources */ = {isa = PBXBuildFile; fileRef = 889DBA821E7E724500520C77 /* CoreGraphicVC.m */; };
		889DBA851E7E724500520C77 /* CoreGraphicVC.xib in Resources */ = {isa = PBXBuildFile; fileRef = 889DBA831E7E724500520C77 /* CoreGraphicVC.xib */; };
		889DBA891E7EBBA700520C77 /* CoreAnimationVC.m in Sources */ = {isa = PBXBuildFile; fileRef = 889DBA871E7EBBA700520C77 /* CoreAnimationVC.m */; };
		889DBA8A1E7EBBA700520C77 /* CoreAnimationVC.xib in Resources */ = {isa = PBXBuildFile; fileRef = 889DBA881E7EBBA700520C77 /* CoreAnimationVC.xib */; };
		88A6173D1E53100C00EF8AFC /* main.m in Sources */ = {isa = PBXBuildFile; fileRef = 88A6173C1E53100C00EF8AFC /* main.m */; };
		88A617401E53100C00EF8AFC /* AppDelegate.m in Sources */ = {isa = PBXBuildFile; fileRef = 88A6173F1E53100C00EF8AFC /* AppDelegate.m */; };
		88A617431E53100C00EF8AFC /* ViewController.m in Sources */ = {isa = PBXBuildFile; fileRef = 88A617421E53100C00EF8AFC /* ViewController.m */; };
		88A617461E53100C00EF8AFC /* Main.storyboard in Resources */ = {isa = PBXBuildFile; fileRef = 88A617441E53100C00EF8AFC /* Main.storyboard */; };
		88A617481E53100C00EF8AFC /* Assets.xcassets in Resources */ = {isa = PBXBuildFile; fileRef = 88A617471E53100C00EF8AFC /* Assets.xcassets */; };
		88A6174B1E53100C00EF8AFC /* LaunchScreen.storyboard in Resources */ = {isa = PBXBuildFile; fileRef = 88A617491E53100C00EF8AFC /* LaunchScreen.storyboard */; };
		88A617561E53100C00EF8AFC /* DemoTests.m in Sources */ = {isa = PBXBuildFile; fileRef = 88A617551E53100C00EF8AFC /* DemoTests.m */; };
		88A617611E53100C00EF8AFC /* DemoUITests.m in Sources */ = {isa = PBXBuildFile; fileRef = 88A617601E53100C00EF8AFC /* DemoUITests.m */; };
		88A6177B1E53EED000EF8AFC /* CoreData.framework in Frameworks */ = {isa = PBXBuildFile; fileRef = 88A6177A1E53EED000EF8AFC /* CoreData.framework */; };
		88A6180A1E5466F200EF8AFC /* libsqlite3.0.tbd in Frameworks */ = {isa = PBXBuildFile; fileRef = 88A618091E5466F200EF8AFC /* libsqlite3.0.tbd */; };
		88A6182D1E5ABE9200EF8AFC /* Security.framework in Frameworks */ = {isa = PBXBuildFile; fileRef = 88A6182C1E5ABE9200EF8AFC /* Security.framework */; };
		88C32E841E66BFF1002753FC /* CoreDataVC.m in Sources */ = {isa = PBXBuildFile; fileRef = 88C32E351E66BFF1002753FC /* CoreDataVC.m */; };
		88C32E851E66BFF1002753FC /* Model.xcdatamodeld in Sources */ = {isa = PBXBuildFile; fileRef = 88C32E361E66BFF1002753FC /* Model.xcdatamodeld */; };
		88C32E861E66BFF1002753FC /* FileManagerVC.m in Sources */ = {isa = PBXBuildFile; fileRef = 88C32E3A1E66BFF1002753FC /* FileManagerVC.m */; };
		88C32E871E66BFF1002753FC /* FileManagerVC.xib in Resources */ = {isa = PBXBuildFile; fileRef = 88C32E3B1E66BFF1002753FC /* FileManagerVC.xib */; };
		88C32E881E66BFF1002753FC /* student.xml in Resources */ = {isa = PBXBuildFile; fileRef = 88C32E3C1E66BFF1002753FC /* student.xml */; };
		88C32E891E66BFF1002753FC /* UICKeyChainStore.m in Sources */ = {isa = PBXBuildFile; fileRef = 88C32E3F1E66BFF1002753FC /* UICKeyChainStore.m */; };
		88C32E8A1E66BFF1002753FC /* FMDatabase.m in Sources */ = {isa = PBXBuildFile; fileRef = 88C32E431E66BFF1002753FC /* FMDatabase.m */; };
		88C32E8B1E66BFF1002753FC /* FMDatabaseAdditions.m in Sources */ = {isa = PBXBuildFile; fileRef = 88C32E451E66BFF1002753FC /* FMDatabaseAdditions.m */; };
		88C32E8C1E66BFF1002753FC /* FMDatabasePool.m in Sources */ = {isa = PBXBuildFile; fileRef = 88C32E471E66BFF1002753FC /* FMDatabasePool.m */; };
		88C32E8D1E66BFF1002753FC /* FMDatabaseQueue.m in Sources */ = {isa = PBXBuildFile; fileRef = 88C32E491E66BFF1002753FC /* FMDatabaseQueue.m */; };
		88C32E8E1E66BFF1002753FC /* FMResultSet.m in Sources */ = {isa = PBXBuildFile; fileRef = 88C32E4C1E66BFF1002753FC /* FMResultSet.m */; };
		88C32E8F1E66BFF1002753FC /* FMDBVC.m in Sources */ = {isa = PBXBuildFile; fileRef = 88C32E4E1E66BFF1002753FC /* FMDBVC.m */; };
		88C32E901E66BFF1002753FC /* AFHTTPRequestOperation.m in Sources */ = {isa = PBXBuildFile; fileRef = 88C32E561E66BFF1002753FC /* AFHTTPRequestOperation.m */; };
		88C32E911E66BFF1002753FC /* AFHTTPRequestOperationManager.m in Sources */ = {isa = PBXBuildFile; fileRef = 88C32E581E66BFF1002753FC /* AFHTTPRequestOperationManager.m */; };
		88C32E921E66BFF1002753FC /* AFHTTPSessionManager.m in Sources */ = {isa = PBXBuildFile; fileRef = 88C32E5A1E66BFF1002753FC /* AFHTTPSessionManager.m */; };
		88C32E931E66BFF1002753FC /* AFNetworkReachabilityManager.m in Sources */ = {isa = PBXBuildFile; fileRef = 88C32E5D1E66BFF1002753FC /* AFNetworkReachabilityManager.m */; };
		88C32E941E66BFF1002753FC /* AFSecurityPolicy.m in Sources */ = {isa = PBXBuildFile; fileRef = 88C32E5F1E66BFF1002753FC /* AFSecurityPolicy.m */; };
		88C32E951E66BFF1002753FC /* AFURLConnectionOperation.m in Sources */ = {isa = PBXBuildFile; fileRef = 88C32E611E66BFF1002753FC /* AFURLConnectionOperation.m */; };
		88C32E961E66BFF1002753FC /* AFURLRequestSerialization.m in Sources */ = {isa = PBXBuildFile; fileRef = 88C32E631E66BFF1002753FC /* AFURLRequestSerialization.m */; };
		88C32E971E66BFF1002753FC /* AFURLResponseSerialization.m in Sources */ = {isa = PBXBuildFile; fileRef = 88C32E651E66BFF1002753FC /* AFURLResponseSerialization.m */; };
		88C32E981E66BFF1002753FC /* AFURLSessionManager.m in Sources */ = {isa = PBXBuildFile; fileRef = 88C32E671E66BFF1002753FC /* AFURLSessionManager.m */; };
		88C32E991E66BFF1002753FC /* LICENSE in Resources */ = {isa = PBXBuildFile; fileRef = 88C32E681E66BFF1002753FC /* LICENSE */; };
		88C32E9A1E66BFF1002753FC /* README.md in Sources */ = {isa = PBXBuildFile; fileRef = 88C32E691E66BFF1002753FC /* README.md */; };
		88C32E9B1E66BFF1002753FC /* AFNetworkActivityIndicatorManager.m in Sources */ = {isa = PBXBuildFile; fileRef = 88C32E6C1E66BFF1002753FC /* AFNetworkActivityIndicatorManager.m */; };
		88C32E9C1E66BFF1002753FC /* UIActivityIndicatorView+AFNetworking.m in Sources */ = {isa = PBXBuildFile; fileRef = 88C32E6E1E66BFF1002753FC /* UIActivityIndicatorView+AFNetworking.m */; };
		88C32E9D1E66BFF1002753FC /* UIAlertView+AFNetworking.m in Sources */ = {isa = PBXBuildFile; fileRef = 88C32E701E66BFF1002753FC /* UIAlertView+AFNetworking.m */; };
		88C32E9E1E66BFF1002753FC /* UIButton+AFNetworking.m in Sources */ = {isa = PBXBuildFile; fileRef = 88C32E721E66BFF1002753FC /* UIButton+AFNetworking.m */; };
		88C32E9F1E66BFF1002753FC /* UIImageView+AFNetworking.m in Sources */ = {isa = PBXBuildFile; fileRef = 88C32E741E66BFF1002753FC /* UIImageView+AFNetworking.m */; };
		88C32EA01E66BFF1002753FC /* UIProgressView+AFNetworking.m in Sources */ = {isa = PBXBuildFile; fileRef = 88C32E771E66BFF1002753FC /* UIProgressView+AFNetworking.m */; };
		88C32EA11E66BFF1002753FC /* UIRefreshControl+AFNetworking.m in Sources */ = {isa = PBXBuildFile; fileRef = 88C32E791E66BFF1002753FC /* UIRefreshControl+AFNetworking.m */; };
		88C32EA21E66BFF1002753FC /* UIWebView+AFNetworking.m in Sources */ = {isa = PBXBuildFile; fileRef = 88C32E7B1E66BFF1002753FC /* UIWebView+AFNetworking.m */; };
		88C32EA31E66BFF1002753FC /* file.png in Resources */ = {isa = PBXBuildFile; fileRef = 88C32E7C1E66BFF1002753FC /* file.png */; };
		88C32EA41E66BFF1002753FC /* NetworkVC.m in Sources */ = {isa = PBXBuildFile; fileRef = 88C32E7E1E66BFF1002753FC /* NetworkVC.m */; };
		88C32EA51E66BFF1002753FC /* NetworkVC.xib in Resources */ = {isa = PBXBuildFile; fileRef = 88C32E7F1E66BFF1002753FC /* NetworkVC.xib */; };
/* End PBXBuildFile section */

/* Begin PBXContainerItemProxy section */
		88A617521E53100C00EF8AFC /* PBXContainerItemProxy */ = {
			isa = PBXContainerItemProxy;
			containerPortal = 88A617301E53100C00EF8AFC /* Project object */;
			proxyType = 1;
			remoteGlobalIDString = 88A617371E53100C00EF8AFC;
			remoteInfo = Demo;
		};
		88A6175D1E53100C00EF8AFC /* PBXContainerItemProxy */ = {
			isa = PBXContainerItemProxy;
			containerPortal = 88A617301E53100C00EF8AFC /* Project object */;
			proxyType = 1;
			remoteGlobalIDString = 88A617371E53100C00EF8AFC;
			remoteInfo = Demo;
		};
/* End PBXContainerItemProxy section */

/* Begin PBXFileReference section */
		882C99691E8BC39100BFDAC7 /* EventVC.h */ = {isa = PBXFileReference; fileEncoding = 4; lastKnownFileType = sourcecode.c.h; path = EventVC.h; sourceTree = "<group>"; };
		882C996A1E8BC39100BFDAC7 /* EventVC.m */ = {isa = PBXFileReference; fileEncoding = 4; lastKnownFileType = sourcecode.c.objc; path = EventVC.m; sourceTree = "<group>"; };
		882C996B1E8BC39100BFDAC7 /* EventVC.xib */ = {isa = PBXFileReference; fileEncoding = 4; lastKnownFileType = file.xib; path = EventVC.xib; sourceTree = "<group>"; };
		882C996E1E8D007500BFDAC7 /* MediaPlayer.framework */ = {isa = PBXFileReference; lastKnownFileType = wrapper.framework; name = MediaPlayer.framework; path = System/Library/Frameworks/MediaPlayer.framework; sourceTree = SDKROOT; };
		882C99711E8D0CE300BFDAC7 /* RemoteEnvetVC.h */ = {isa = PBXFileReference; fileEncoding = 4; lastKnownFileType = sourcecode.c.h; path = RemoteEnvetVC.h; sourceTree = "<group>"; };
		882C99721E8D0CE300BFDAC7 /* RemoteEnvetVC.m */ = {isa = PBXFileReference; fileEncoding = 4; lastKnownFileType = sourcecode.c.objc; path = RemoteEnvetVC.m; sourceTree = "<group>"; };
		882C99731E8D0CE300BFDAC7 /* RemoteEnvetVC.xib */ = {isa = PBXFileReference; fileEncoding = 4; lastKnownFileType = file.xib; path = RemoteEnvetVC.xib; sourceTree = "<group>"; };
		882C99761E8D0D9000BFDAC7 /* AVFoundation.framework */ = {isa = PBXFileReference; lastKnownFileType = wrapper.framework; name = AVFoundation.framework; path = System/Library/Frameworks/AVFoundation.framework; sourceTree = SDKROOT; };
		885960C31E7020DD00760090 /* TestGeneralAnimationVC.h */ = {isa = PBXFileReference; fileEncoding = 4; lastKnownFileType = sourcecode.c.h; path = TestGeneralAnimationVC.h; sourceTree = "<group>"; };
		885960C41E7020DD00760090 /* TestGeneralAnimationVC.m */ = {isa = PBXFileReference; fileEncoding = 4; lastKnownFileType = sourcecode.c.objc; path = TestGeneralAnimationVC.m; sourceTree = "<group>"; };
		885960C51E7020DD00760090 /* TestGeneralAnimationVC.xib */ = {isa = PBXFileReference; fileEncoding = 4; lastKnownFileType = file.xib; path = TestGeneralAnimationVC.xib; sourceTree = "<group>"; };
		885960C81E70211C00760090 /* QuartzCore.framework */ = {isa = PBXFileReference; lastKnownFileType = wrapper.framework; name = QuartzCore.framework; path = System/Library/Frameworks/QuartzCore.framework; sourceTree = SDKROOT; };
		885960CC1E70222000760090 /* UIView+AnimationUtility.h */ = {isa = PBXFileReference; fileEncoding = 4; lastKnownFileType = sourcecode.c.h; path = "UIView+AnimationUtility.h"; sourceTree = "<group>"; };
		885960CD1E70222000760090 /* UIView+AnimationUtility.m */ = {isa = PBXFileReference; fileEncoding = 4; lastKnownFileType = sourcecode.c.objc; path = "UIView+AnimationUtility.m"; sourceTree = "<group>"; };
		885960E91E70EB7E00760090 /* commonMacroDef.h */ = {isa = PBXFileReference; lastKnownFileType = sourcecode.c.h; path = commonMacroDef.h; sourceTree = "<group>"; };
		885960EB1E70EEC400760090 /* PrefixHeader.pch */ = {isa = PBXFileReference; fileEncoding = 4; lastKnownFileType = sourcecode.c.h; path = PrefixHeader.pch; sourceTree = "<group>"; };
		8865C5E61E8B4B52003AAEC4 /* LICENSE */ = {isa = PBXFileReference; fileEncoding = 4; lastKnownFileType = text; path = LICENSE; sourceTree = "<group>"; };
		8865C5E81E8B4B52003AAEC4 /* MASCompositeConstraint.h */ = {isa = PBXFileReference; fileEncoding = 4; lastKnownFileType = sourcecode.c.h; path = MASCompositeConstraint.h; sourceTree = "<group>"; };
		8865C5E91E8B4B52003AAEC4 /* MASCompositeConstraint.m */ = {isa = PBXFileReference; fileEncoding = 4; lastKnownFileType = sourcecode.c.objc; path = MASCompositeConstraint.m; sourceTree = "<group>"; };
		8865C5EA1E8B4B52003AAEC4 /* MASConstraint+Private.h */ = {isa = PBXFileReference; fileEncoding = 4; lastKnownFileType = sourcecode.c.h; path = "MASConstraint+Private.h"; sourceTree = "<group>"; };
		8865C5EB1E8B4B52003AAEC4 /* MASConstraint.h */ = {isa = PBXFileReference; fileEncoding = 4; lastKnownFileType = sourcecode.c.h; path = MASConstraint.h; sourceTree = "<group>"; };
		8865C5EC1E8B4B52003AAEC4 /* MASConstraint.m */ = {isa = PBXFileReference; fileEncoding = 4; lastKnownFileType = sourcecode.c.objc; path = MASConstraint.m; sourceTree = "<group>"; };
		8865C5ED1E8B4B52003AAEC4 /* MASConstraintMaker.h */ = {isa = PBXFileReference; fileEncoding = 4; lastKnownFileType = sourcecode.c.h; path = MASConstraintMaker.h; sourceTree = "<group>"; };
		8865C5EE1E8B4B52003AAEC4 /* MASConstraintMaker.m */ = {isa = PBXFileReference; fileEncoding = 4; lastKnownFileType = sourcecode.c.objc; path = MASConstraintMaker.m; sourceTree = "<group>"; };
		8865C5EF1E8B4B52003AAEC4 /* MASLayoutConstraint.h */ = {isa = PBXFileReference; fileEncoding = 4; lastKnownFileType = sourcecode.c.h; path = MASLayoutConstraint.h; sourceTree = "<group>"; };
		8865C5F01E8B4B52003AAEC4 /* MASLayoutConstraint.m */ = {isa = PBXFileReference; fileEncoding = 4; lastKnownFileType = sourcecode.c.objc; path = MASLayoutConstraint.m; sourceTree = "<group>"; };
		8865C5F11E8B4B52003AAEC4 /* Masonry.h */ = {isa = PBXFileReference; fileEncoding = 4; lastKnownFileType = sourcecode.c.h; path = Masonry.h; sourceTree = "<group>"; };
		8865C5F21E8B4B52003AAEC4 /* MASUtilities.h */ = {isa = PBXFileReference; fileEncoding = 4; lastKnownFileType = sourcecode.c.h; path = MASUtilities.h; sourceTree = "<group>"; };
		8865C5F31E8B4B52003AAEC4 /* MASViewAttribute.h */ = {isa = PBXFileReference; fileEncoding = 4; lastKnownFileType = sourcecode.c.h; path = MASViewAttribute.h; sourceTree = "<group>"; };
		8865C5F41E8B4B52003AAEC4 /* MASViewAttribute.m */ = {isa = PBXFileReference; fileEncoding = 4; lastKnownFileType = sourcecode.c.objc; path = MASViewAttribute.m; sourceTree = "<group>"; };
		8865C5F51E8B4B52003AAEC4 /* MASViewConstraint.h */ = {isa = PBXFileReference; fileEncoding = 4; lastKnownFileType = sourcecode.c.h; path = MASViewConstraint.h; sourceTree = "<group>"; };
		8865C5F61E8B4B52003AAEC4 /* MASViewConstraint.m */ = {isa = PBXFileReference; fileEncoding = 4; lastKnownFileType = sourcecode.c.objc; path = MASViewConstraint.m; sourceTree = "<group>"; };
		8865C5F71E8B4B52003AAEC4 /* NSArray+MASAdditions.h */ = {isa = PBXFileReference; fileEncoding = 4; lastKnownFileType = sourcecode.c.h; path = "NSArray+MASAdditions.h"; sourceTree = "<group>"; };
		8865C5F81E8B4B52003AAEC4 /* NSArray+MASAdditions.m */ = {isa = PBXFileReference; fileEncoding = 4; lastKnownFileType = sourcecode.c.objc; path = "NSArray+MASAdditions.m"; sourceTree = "<group>"; };
		8865C5F91E8B4B52003AAEC4 /* NSArray+MASShorthandAdditions.h */ = {isa = PBXFileReference; fileEncoding = 4; lastKnownFileType = sourcecode.c.h; path = "NSArray+MASShorthandAdditions.h"; sourceTree = "<group>"; };
		8865C5FA1E8B4B52003AAEC4 /* NSLayoutConstraint+MASDebugAdditions.h */ = {isa = PBXFileReference; fileEncoding = 4; lastKnownFileType = sourcecode.c.h; path = "NSLayoutConstraint+MASDebugAdditions.h"; sourceTree = "<group>"; };
		8865C5FB1E8B4B52003AAEC4 /* NSLayoutConstraint+MASDebugAdditions.m */ = {isa = PBXFileReference; fileEncoding = 4; lastKnownFileType = sourcecode.c.objc; path = "NSLayoutConstraint+MASDebugAdditions.m"; sourceTree = "<group>"; };
		8865C5FC1E8B4B52003AAEC4 /* View+MASAdditions.h */ = {isa = PBXFileReference; fileEncoding = 4; lastKnownFileType = sourcecode.c.h; path = "View+MASAdditions.h"; sourceTree = "<group>"; };
		8865C5FD1E8B4B52003AAEC4 /* View+MASAdditions.m */ = {isa = PBXFileReference; fileEncoding = 4; lastKnownFileType = sourcecode.c.objc; path = "View+MASAdditions.m"; sourceTree = "<group>"; };
		8865C5FE1E8B4B52003AAEC4 /* View+MASShorthandAdditions.h */ = {isa = PBXFileReference; fileEncoding = 4; lastKnownFileType = sourcecode.c.h; path = "View+MASShorthandAdditions.h"; sourceTree = "<group>"; };
		8865C5FF1E8B4B52003AAEC4 /* ViewController+MASAdditions.h */ = {isa = PBXFileReference; fileEncoding = 4; lastKnownFileType = sourcecode.c.h; path = "ViewController+MASAdditions.h"; sourceTree = "<group>"; };
		8865C6001E8B4B52003AAEC4 /* ViewController+MASAdditions.m */ = {isa = PBXFileReference; fileEncoding = 4; lastKnownFileType = sourcecode.c.objc; path = "ViewController+MASAdditions.m"; sourceTree = "<group>"; };
		8865C6011E8B4B52003AAEC4 /* README.md */ = {isa = PBXFileReference; fileEncoding = 4; lastKnownFileType = net.daringfireball.markdown; path = README.md; sourceTree = "<group>"; };
		889B2E941E89E98700ACD1A0 /* Demo2@2x.png */ = {isa = PBXFileReference; lastKnownFileType = image.png; path = "Demo2@2x.png"; sourceTree = "<group>"; };
		889B2E951E89E98700ACD1A0 /* Demo2@3x.png */ = {isa = PBXFileReference; lastKnownFileType = image.png; path = "Demo2@3x.png"; sourceTree = "<group>"; };
		889B2E981E8A978300ACD1A0 /* CubeVC.h */ = {isa = PBXFileReference; fileEncoding = 4; lastKnownFileType = sourcecode.c.h; path = CubeVC.h; sourceTree = "<group>"; };
		889B2E991E8A978300ACD1A0 /* CubeVC.m */ = {isa = PBXFileReference; fileEncoding = 4; lastKnownFileType = sourcecode.c.objc; path = CubeVC.m; sourceTree = "<group>"; };
		889B2E9A1E8A978300ACD1A0 /* CubeVC.xib */ = {isa = PBXFileReference; fileEncoding = 4; lastKnownFileType = file.xib; path = CubeVC.xib; sourceTree = "<group>"; };
		889DBA361E6BFBA200520C77 /* CoreLocationVC.h */ = {isa = PBXFileReference; fileEncoding = 4; lastKnownFileType = sourcecode.c.h; name = CoreLocationVC.h; path = Demo/Network/CoreLocationVC.h; sourceTree = SOURCE_ROOT; };
		889DBA371E6BFBA200520C77 /* CoreLocationVC.m */ = {isa = PBXFileReference; fileEncoding = 4; lastKnownFileType = sourcecode.c.objc; name = CoreLocationVC.m; path = Demo/Network/CoreLocationVC.m; sourceTree = SOURCE_ROOT; };
		889DBA381E6BFBA200520C77 /* CoreLocationVC.xib */ = {isa = PBXFileReference; fileEncoding = 4; lastKnownFileType = file.xib; name = CoreLocationVC.xib; path = Demo/Network/CoreLocationVC.xib; sourceTree = SOURCE_ROOT; };
		889DBA3B1E6BFC4200520C77 /* CoreLocation.framework */ = {isa = PBXFileReference; lastKnownFileType = wrapper.framework; name = CoreLocation.framework; path = System/Library/Frameworks/CoreLocation.framework; sourceTree = SDKROOT; };
		889DBA3D1E6BFC4D00520C77 /* MapKit.framework */ = {isa = PBXFileReference; lastKnownFileType = wrapper.framework; name = MapKit.framework; path = System/Library/Frameworks/MapKit.framework; sourceTree = SDKROOT; };
		889DBA451E74196F00520C77 /* OpenGLES.framework */ = {isa = PBXFileReference; lastKnownFileType = wrapper.framework; name = OpenGLES.framework; path = System/Library/Frameworks/OpenGLES.framework; sourceTree = SDKROOT; };
		889DBA471E7419E400520C77 /* CoreGraphics.framework */ = {isa = PBXFileReference; lastKnownFileType = wrapper.framework; name = CoreGraphics.framework; path = System/Library/Frameworks/CoreGraphics.framework; sourceTree = SDKROOT; };
		889DBA491E7AC65700520C77 /* 概念.txt */ = {isa = PBXFileReference; fileEncoding = 4; lastKnownFileType = text; path = "概念.txt"; sourceTree = "<group>"; };
		889DBA4C1E7E71F900520C77 /* Demo.png */ = {isa = PBXFileReference; lastKnownFileType = image.png; path = Demo.png; sourceTree = "<group>"; };
		889DBA4D1E7E71F900520C77 /* Quartz.pdf */ = {isa = PBXFileReference; lastKnownFileType = image.pdf; path = Quartz.pdf; sourceTree = "<group>"; };
		889DBA4E1E7E71F900520C77 /* QuartzBlending.h */ = {isa = PBXFileReference; fileEncoding = 4; lastKnownFileType = sourcecode.c.h; path = QuartzBlending.h; sourceTree = "<group>"; };
		889DBA4F1E7E71F900520C77 /* QuartzBlending.m */ = {isa = PBXFileReference; fileEncoding = 4; lastKnownFileType = sourcecode.c.objc; path = QuartzBlending.m; sourceTree = "<group>"; };
		889DBA501E7E71F900520C77 /* QuartzBlendingViewController.h */ = {isa = PBXFileReference; fileEncoding = 4; lastKnownFileType = sourcecode.c.h; path = QuartzBlendingViewController.h; sourceTree = "<group>"; };
		889DBA511E7E71F900520C77 /* QuartzBlendingViewController.m */ = {isa = PBXFileReference; fileEncoding = 4; lastKnownFileType = sourcecode.c.objc; path = QuartzBlendingViewController.m; sourceTree = "<group>"; };
		889DBA521E7E71F900520C77 /* QuartzClipping.h */ = {isa = PBXFileReference; fileEncoding = 4; lastKnownFileType = sourcecode.c.h; path = QuartzClipping.h; sourceTree = "<group>"; };
		889DBA531E7E71F900520C77 /* QuartzClipping.m */ = {isa = PBXFileReference; fileEncoding = 4; lastKnownFileType = sourcecode.c.objc; path = QuartzClipping.m; sourceTree = "<group>"; };
		889DBA541E7E71F900520C77 /* QuartzCurves.h */ = {isa = PBXFileReference; fileEncoding = 4; lastKnownFileType = sourcecode.c.h; path = QuartzCurves.h; sourceTree = "<group>"; };
		889DBA551E7E71F900520C77 /* QuartzCurves.m */ = {isa = PBXFileReference; fileEncoding = 4; lastKnownFileType = sourcecode.c.objc; path = QuartzCurves.m; sourceTree = "<group>"; };
		889DBA561E7E71F900520C77 /* QuartzDashViewController.h */ = {isa = PBXFileReference; fileEncoding = 4; lastKnownFileType = sourcecode.c.h; path = QuartzDashViewController.h; sourceTree = "<group>"; };
		889DBA571E7E71F900520C77 /* QuartzDashViewController.m */ = {isa = PBXFileReference; fileEncoding = 4; lastKnownFileType = sourcecode.c.objc; path = QuartzDashViewController.m; sourceTree = "<group>"; };
		889DBA581E7E71F900520C77 /* QuartzDemo-Info.plist */ = {isa = PBXFileReference; fileEncoding = 4; lastKnownFileType = text.plist.xml; path = "QuartzDemo-Info.plist"; sourceTree = "<group>"; };
		889DBA591E7E71F900520C77 /* QuartzDemo-Prefix.pch */ = {isa = PBXFileReference; fileEncoding = 4; lastKnownFileType = sourcecode.c.h; path = "QuartzDemo-Prefix.pch"; sourceTree = "<group>"; };
		889DBA5A1E7E71F900520C77 /* QuartzDemoVC.h */ = {isa = PBXFileReference; fileEncoding = 4; lastKnownFileType = sourcecode.c.h; path = QuartzDemoVC.h; sourceTree = "<group>"; };
		889DBA5B1E7E71F900520C77 /* QuartzDemoVC.m */ = {isa = PBXFileReference; fileEncoding = 4; lastKnownFileType = sourcecode.c.objc; path = QuartzDemoVC.m; sourceTree = "<group>"; };
		889DBA5C1E7E71F900520C77 /* QuartzGradientViewController.h */ = {isa = PBXFileReference; fileEncoding = 4; lastKnownFileType = sourcecode.c.h; path = QuartzGradientViewController.h; sourceTree = "<group>"; };
		889DBA5D1E7E71F900520C77 /* QuartzGradientViewController.m */ = {isa = PBXFileReference; fileEncoding = 4; lastKnownFileType = sourcecode.c.objc; path = QuartzGradientViewController.m; sourceTree = "<group>"; };
		889DBA5E1E7E71F900520C77 /* QuartzImages.h */ = {isa = PBXFileReference; fileEncoding = 4; lastKnownFileType = sourcecode.c.h; path = QuartzImages.h; sourceTree = "<group>"; };
		889DBA5F1E7E71F900520C77 /* QuartzImages.m */ = {isa = PBXFileReference; fileEncoding = 4; lastKnownFileType = sourcecode.c.objc; path = QuartzImages.m; sourceTree = "<group>"; };
		889DBA601E7E71F900520C77 /* QuartzLines.h */ = {isa = PBXFileReference; fileEncoding = 4; lastKnownFileType = sourcecode.c.h; path = QuartzLines.h; sourceTree = "<group>"; };
		889DBA611E7E71F900520C77 /* QuartzLines.m */ = {isa = PBXFileReference; fileEncoding = 4; lastKnownFileType = sourcecode.c.objc; path = QuartzLines.m; sourceTree = "<group>"; };
		889DBA621E7E71F900520C77 /* QuartzLineViewController.h */ = {isa = PBXFileReference; fileEncoding = 4; lastKnownFileType = sourcecode.c.h; path = QuartzLineViewController.h; sourceTree = "<group>"; };
		889DBA631E7E71F900520C77 /* QuartzLineViewController.m */ = {isa = PBXFileReference; fileEncoding = 4; lastKnownFileType = sourcecode.c.objc; path = QuartzLineViewController.m; sourceTree = "<group>"; };
		889DBA641E7E71F900520C77 /* QuartzPolygons.h */ = {isa = PBXFileReference; fileEncoding = 4; lastKnownFileType = sourcecode.c.h; path = QuartzPolygons.h; sourceTree = "<group>"; };
		889DBA651E7E71F900520C77 /* QuartzPolygons.m */ = {isa = PBXFileReference; fileEncoding = 4; lastKnownFileType = sourcecode.c.objc; path = QuartzPolygons.m; sourceTree = "<group>"; };
		889DBA661E7E71F900520C77 /* QuartzPolyViewController.h */ = {isa = PBXFileReference; fileEncoding = 4; lastKnownFileType = sourcecode.c.h; path = QuartzPolyViewController.h; sourceTree = "<group>"; };
		889DBA671E7E71F900520C77 /* QuartzPolyViewController.m */ = {isa = PBXFileReference; fileEncoding = 4; lastKnownFileType = sourcecode.c.objc; path = QuartzPolyViewController.m; sourceTree = "<group>"; };
		889DBA681E7E71F900520C77 /* QuartzRendering.h */ = {isa = PBXFileReference; fileEncoding = 4; lastKnownFileType = sourcecode.c.h; path = QuartzRendering.h; sourceTree = "<group>"; };
		889DBA691E7E71F900520C77 /* QuartzRendering.m */ = {isa = PBXFileReference; fileEncoding = 4; lastKnownFileType = sourcecode.c.objc; path = QuartzRendering.m; sourceTree = "<group>"; };
		889DBA6A1E7E71F900520C77 /* QuartzStoryboard.storyboard */ = {isa = PBXFileReference; fileEncoding = 4; lastKnownFileType = file.storyboard; path = QuartzStoryboard.storyboard; sourceTree = "<group>"; };
		889DBA6B1E7E71F900520C77 /* QuartzView.h */ = {isa = PBXFileReference; fileEncoding = 4; lastKnownFileType = sourcecode.c.h; path = QuartzView.h; sourceTree = "<group>"; };
		889DBA6C1E7E71F900520C77 /* QuartzView.m */ = {isa = PBXFileReference; fileEncoding = 4; lastKnownFileType = sourcecode.c.objc; path = QuartzView.m; sourceTree = "<group>"; };
		889DBA6D1E7E71F900520C77 /* Ship.png */ = {isa = PBXFileReference; lastKnownFileType = image.png; path = Ship.png; sourceTree = "<group>"; };
		889DBA811E7E724500520C77 /* CoreGraphicVC.h */ = {isa = PBXFileReference; fileEncoding = 4; lastKnownFileType = sourcecode.c.h; path = CoreGraphicVC.h; sourceTree = "<group>"; };
		889DBA821E7E724500520C77 /* CoreGraphicVC.m */ = {isa = PBXFileReference; fileEncoding = 4; lastKnownFileType = sourcecode.c.objc; path = CoreGraphicVC.m; sourceTree = "<group>"; };
		889DBA831E7E724500520C77 /* CoreGraphicVC.xib */ = {isa = PBXFileReference; fileEncoding = 4; lastKnownFileType = file.xib; path = CoreGraphicVC.xib; sourceTree = "<group>"; };
		889DBA861E7EBBA700520C77 /* CoreAnimationVC.h */ = {isa = PBXFileReference; fileEncoding = 4; lastKnownFileType = sourcecode.c.h; path = CoreAnimationVC.h; sourceTree = "<group>"; };
		889DBA871E7EBBA700520C77 /* CoreAnimationVC.m */ = {isa = PBXFileReference; fileEncoding = 4; lastKnownFileType = sourcecode.c.objc; path = CoreAnimationVC.m; sourceTree = "<group>"; };
		889DBA881E7EBBA700520C77 /* CoreAnimationVC.xib */ = {isa = PBXFileReference; fileEncoding = 4; lastKnownFileType = file.xib; path = CoreAnimationVC.xib; sourceTree = "<group>"; };
		88A617381E53100C00EF8AFC /* Demo.app */ = {isa = PBXFileReference; explicitFileType = wrapper.application; includeInIndex = 0; path = Demo.app; sourceTree = BUILT_PRODUCTS_DIR; };
		88A6173C1E53100C00EF8AFC /* main.m */ = {isa = PBXFileReference; lastKnownFileType = sourcecode.c.objc; path = main.m; sourceTree = "<group>"; };
		88A6173E1E53100C00EF8AFC /* AppDelegate.h */ = {isa = PBXFileReference; lastKnownFileType = sourcecode.c.h; path = AppDelegate.h; sourceTree = "<group>"; };
		88A6173F1E53100C00EF8AFC /* AppDelegate.m */ = {isa = PBXFileReference; lastKnownFileType = sourcecode.c.objc; path = AppDelegate.m; sourceTree = "<group>"; };
		88A617411E53100C00EF8AFC /* ViewController.h */ = {isa = PBXFileReference; lastKnownFileType = sourcecode.c.h; path = ViewController.h; sourceTree = "<group>"; };
		88A617421E53100C00EF8AFC /* ViewController.m */ = {isa = PBXFileReference; lastKnownFileType = sourcecode.c.objc; path = ViewController.m; sourceTree = "<group>"; };
		88A617451E53100C00EF8AFC /* Base */ = {isa = PBXFileReference; lastKnownFileType = file.storyboard; name = Base; path = Base.lproj/Main.storyboard; sourceTree = "<group>"; };
		88A617471E53100C00EF8AFC /* Assets.xcassets */ = {isa = PBXFileReference; lastKnownFileType = folder.assetcatalog; path = Assets.xcassets; sourceTree = "<group>"; };
		88A6174A1E53100C00EF8AFC /* Base */ = {isa = PBXFileReference; lastKnownFileType = file.storyboard; name = Base; path = Base.lproj/LaunchScreen.storyboard; sourceTree = "<group>"; };
		88A6174C1E53100C00EF8AFC /* Info.plist */ = {isa = PBXFileReference; lastKnownFileType = text.plist.xml; path = Info.plist; sourceTree = "<group>"; };
		88A617511E53100C00EF8AFC /* DemoTests.xctest */ = {isa = PBXFileReference; explicitFileType = wrapper.cfbundle; includeInIndex = 0; path = DemoTests.xctest; sourceTree = BUILT_PRODUCTS_DIR; };
		88A617551E53100C00EF8AFC /* DemoTests.m */ = {isa = PBXFileReference; lastKnownFileType = sourcecode.c.objc; path = DemoTests.m; sourceTree = "<group>"; };
		88A617571E53100C00EF8AFC /* Info.plist */ = {isa = PBXFileReference; lastKnownFileType = text.plist.xml; path = Info.plist; sourceTree = "<group>"; };
		88A6175C1E53100C00EF8AFC /* DemoUITests.xctest */ = {isa = PBXFileReference; explicitFileType = wrapper.cfbundle; includeInIndex = 0; path = DemoUITests.xctest; sourceTree = BUILT_PRODUCTS_DIR; };
		88A617601E53100C00EF8AFC /* DemoUITests.m */ = {isa = PBXFileReference; lastKnownFileType = sourcecode.c.objc; path = DemoUITests.m; sourceTree = "<group>"; };
		88A617621E53100C00EF8AFC /* Info.plist */ = {isa = PBXFileReference; lastKnownFileType = text.plist.xml; path = Info.plist; sourceTree = "<group>"; };
		88A6177A1E53EED000EF8AFC /* CoreData.framework */ = {isa = PBXFileReference; lastKnownFileType = wrapper.framework; name = CoreData.framework; path = System/Library/Frameworks/CoreData.framework; sourceTree = SDKROOT; };
		88A618091E5466F200EF8AFC /* libsqlite3.0.tbd */ = {isa = PBXFileReference; lastKnownFileType = "sourcecode.text-based-dylib-definition"; name = libsqlite3.0.tbd; path = usr/lib/libsqlite3.0.tbd; sourceTree = SDKROOT; };
		88A6182C1E5ABE9200EF8AFC /* Security.framework */ = {isa = PBXFileReference; lastKnownFileType = wrapper.framework; name = Security.framework; path = System/Library/Frameworks/Security.framework; sourceTree = SDKROOT; };
		88C32E341E66BFF1002753FC /* CoreDataVC.h */ = {isa = PBXFileReference; fileEncoding = 4; lastKnownFileType = sourcecode.c.h; path = CoreDataVC.h; sourceTree = "<group>"; };
		88C32E351E66BFF1002753FC /* CoreDataVC.m */ = {isa = PBXFileReference; fileEncoding = 4; lastKnownFileType = sourcecode.c.objc; path = CoreDataVC.m; sourceTree = "<group>"; };
		88C32E371E66BFF1002753FC /* Model.xcdatamodel */ = {isa = PBXFileReference; lastKnownFileType = wrapper.xcdatamodel; path = Model.xcdatamodel; sourceTree = "<group>"; };
		88C32E391E66BFF1002753FC /* FileManagerVC.h */ = {isa = PBXFileReference; fileEncoding = 4; lastKnownFileType = sourcecode.c.h; path = FileManagerVC.h; sourceTree = "<group>"; };
		88C32E3A1E66BFF1002753FC /* FileManagerVC.m */ = {isa = PBXFileReference; fileEncoding = 4; lastKnownFileType = sourcecode.c.objc; path = FileManagerVC.m; sourceTree = "<group>"; };
		88C32E3B1E66BFF1002753FC /* FileManagerVC.xib */ = {isa = PBXFileReference; fileEncoding = 4; lastKnownFileType = file.xib; path = FileManagerVC.xib; sourceTree = "<group>"; };
		88C32E3C1E66BFF1002753FC /* student.xml */ = {isa = PBXFileReference; fileEncoding = 4; lastKnownFileType = text.xml; path = student.xml; sourceTree = "<group>"; };
		88C32E3E1E66BFF1002753FC /* UICKeyChainStore.h */ = {isa = PBXFileReference; fileEncoding = 4; lastKnownFileType = sourcecode.c.h; path = UICKeyChainStore.h; sourceTree = "<group>"; };
		88C32E3F1E66BFF1002753FC /* UICKeyChainStore.m */ = {isa = PBXFileReference; fileEncoding = 4; lastKnownFileType = sourcecode.c.objc; path = UICKeyChainStore.m; sourceTree = "<group>"; };
		88C32E421E66BFF1002753FC /* FMDatabase.h */ = {isa = PBXFileReference; fileEncoding = 4; lastKnownFileType = sourcecode.c.h; path = FMDatabase.h; sourceTree = "<group>"; };
		88C32E431E66BFF1002753FC /* FMDatabase.m */ = {isa = PBXFileReference; fileEncoding = 4; lastKnownFileType = sourcecode.c.objc; path = FMDatabase.m; sourceTree = "<group>"; };
		88C32E441E66BFF1002753FC /* FMDatabaseAdditions.h */ = {isa = PBXFileReference; fileEncoding = 4; lastKnownFileType = sourcecode.c.h; path = FMDatabaseAdditions.h; sourceTree = "<group>"; };
		88C32E451E66BFF1002753FC /* FMDatabaseAdditions.m */ = {isa = PBXFileReference; fileEncoding = 4; lastKnownFileType = sourcecode.c.objc; path = FMDatabaseAdditions.m; sourceTree = "<group>"; };
		88C32E461E66BFF1002753FC /* FMDatabasePool.h */ = {isa = PBXFileReference; fileEncoding = 4; lastKnownFileType = sourcecode.c.h; path = FMDatabasePool.h; sourceTree = "<group>"; };
		88C32E471E66BFF1002753FC /* FMDatabasePool.m */ = {isa = PBXFileReference; fileEncoding = 4; lastKnownFileType = sourcecode.c.objc; path = FMDatabasePool.m; sourceTree = "<group>"; };
		88C32E481E66BFF1002753FC /* FMDatabaseQueue.h */ = {isa = PBXFileReference; fileEncoding = 4; lastKnownFileType = sourcecode.c.h; path = FMDatabaseQueue.h; sourceTree = "<group>"; };
		88C32E491E66BFF1002753FC /* FMDatabaseQueue.m */ = {isa = PBXFileReference; fileEncoding = 4; lastKnownFileType = sourcecode.c.objc; path = FMDatabaseQueue.m; sourceTree = "<group>"; };
		88C32E4A1E66BFF1002753FC /* FMDB.h */ = {isa = PBXFileReference; fileEncoding = 4; lastKnownFileType = sourcecode.c.h; path = FMDB.h; sourceTree = "<group>"; };
		88C32E4B1E66BFF1002753FC /* FMResultSet.h */ = {isa = PBXFileReference; fileEncoding = 4; lastKnownFileType = sourcecode.c.h; path = FMResultSet.h; sourceTree = "<group>"; };
		88C32E4C1E66BFF1002753FC /* FMResultSet.m */ = {isa = PBXFileReference; fileEncoding = 4; lastKnownFileType = sourcecode.c.objc; path = FMResultSet.m; sourceTree = "<group>"; };
		88C32E4D1E66BFF1002753FC /* FMDBVC.h */ = {isa = PBXFileReference; fileEncoding = 4; lastKnownFileType = sourcecode.c.h; path = FMDBVC.h; sourceTree = "<group>"; };
		88C32E4E1E66BFF1002753FC /* FMDBVC.m */ = {isa = PBXFileReference; fileEncoding = 4; lastKnownFileType = sourcecode.c.objc; path = FMDBVC.m; sourceTree = "<group>"; };
		88C32E551E66BFF1002753FC /* AFHTTPRequestOperation.h */ = {isa = PBXFileReference; fileEncoding = 4; lastKnownFileType = sourcecode.c.h; path = AFHTTPRequestOperation.h; sourceTree = "<group>"; };
		88C32E561E66BFF1002753FC /* AFHTTPRequestOperation.m */ = {isa = PBXFileReference; fileEncoding = 4; lastKnownFileType = sourcecode.c.objc; path = AFHTTPRequestOperation.m; sourceTree = "<group>"; };
		88C32E571E66BFF1002753FC /* AFHTTPRequestOperationManager.h */ = {isa = PBXFileReference; fileEncoding = 4; lastKnownFileType = sourcecode.c.h; path = AFHTTPRequestOperationManager.h; sourceTree = "<group>"; };
		88C32E581E66BFF1002753FC /* AFHTTPRequestOperationManager.m */ = {isa = PBXFileReference; fileEncoding = 4; lastKnownFileType = sourcecode.c.objc; path = AFHTTPRequestOperationManager.m; sourceTree = "<group>"; };
		88C32E591E66BFF1002753FC /* AFHTTPSessionManager.h */ = {isa = PBXFileReference; fileEncoding = 4; lastKnownFileType = sourcecode.c.h; path = AFHTTPSessionManager.h; sourceTree = "<group>"; };
		88C32E5A1E66BFF1002753FC /* AFHTTPSessionManager.m */ = {isa = PBXFileReference; fileEncoding = 4; lastKnownFileType = sourcecode.c.objc; path = AFHTTPSessionManager.m; sourceTree = "<group>"; };
		88C32E5B1E66BFF1002753FC /* AFNetworking.h */ = {isa = PBXFileReference; fileEncoding = 4; lastKnownFileType = sourcecode.c.h; path = AFNetworking.h; sourceTree = "<group>"; };
		88C32E5C1E66BFF1002753FC /* AFNetworkReachabilityManager.h */ = {isa = PBXFileReference; fileEncoding = 4; lastKnownFileType = sourcecode.c.h; path = AFNetworkReachabilityManager.h; sourceTree = "<group>"; };
		88C32E5D1E66BFF1002753FC /* AFNetworkReachabilityManager.m */ = {isa = PBXFileReference; fileEncoding = 4; lastKnownFileType = sourcecode.c.objc; path = AFNetworkReachabilityManager.m; sourceTree = "<group>"; };
		88C32E5E1E66BFF1002753FC /* AFSecurityPolicy.h */ = {isa = PBXFileReference; fileEncoding = 4; lastKnownFileType = sourcecode.c.h; path = AFSecurityPolicy.h; sourceTree = "<group>"; };
		88C32E5F1E66BFF1002753FC /* AFSecurityPolicy.m */ = {isa = PBXFileReference; fileEncoding = 4; lastKnownFileType = sourcecode.c.objc; path = AFSecurityPolicy.m; sourceTree = "<group>"; };
		88C32E601E66BFF1002753FC /* AFURLConnectionOperation.h */ = {isa = PBXFileReference; fileEncoding = 4; lastKnownFileType = sourcecode.c.h; path = AFURLConnectionOperation.h; sourceTree = "<group>"; };
		88C32E611E66BFF1002753FC /* AFURLConnectionOperation.m */ = {isa = PBXFileReference; fileEncoding = 4; lastKnownFileType = sourcecode.c.objc; path = AFURLConnectionOperation.m; sourceTree = "<group>"; };
		88C32E621E66BFF1002753FC /* AFURLRequestSerialization.h */ = {isa = PBXFileReference; fileEncoding = 4; lastKnownFileType = sourcecode.c.h; path = AFURLRequestSerialization.h; sourceTree = "<group>"; };
		88C32E631E66BFF1002753FC /* AFURLRequestSerialization.m */ = {isa = PBXFileReference; fileEncoding = 4; lastKnownFileType = sourcecode.c.objc; path = AFURLRequestSerialization.m; sourceTree = "<group>"; };
		88C32E641E66BFF1002753FC /* AFURLResponseSerialization.h */ = {isa = PBXFileReference; fileEncoding = 4; lastKnownFileType = sourcecode.c.h; path = AFURLResponseSerialization.h; sourceTree = "<group>"; };
		88C32E651E66BFF1002753FC /* AFURLResponseSerialization.m */ = {isa = PBXFileReference; fileEncoding = 4; lastKnownFileType = sourcecode.c.objc; path = AFURLResponseSerialization.m; sourceTree = "<group>"; };
		88C32E661E66BFF1002753FC /* AFURLSessionManager.h */ = {isa = PBXFileReference; fileEncoding = 4; lastKnownFileType = sourcecode.c.h; path = AFURLSessionManager.h; sourceTree = "<group>"; };
		88C32E671E66BFF1002753FC /* AFURLSessionManager.m */ = {isa = PBXFileReference; fileEncoding = 4; lastKnownFileType = sourcecode.c.objc; path = AFURLSessionManager.m; sourceTree = "<group>"; };
		88C32E681E66BFF1002753FC /* LICENSE */ = {isa = PBXFileReference; fileEncoding = 4; lastKnownFileType = text; path = LICENSE; sourceTree = "<group>"; };
		88C32E691E66BFF1002753FC /* README.md */ = {isa = PBXFileReference; fileEncoding = 4; lastKnownFileType = net.daringfireball.markdown; path = README.md; sourceTree = "<group>"; };
		88C32E6B1E66BFF1002753FC /* AFNetworkActivityIndicatorManager.h */ = {isa = PBXFileReference; fileEncoding = 4; lastKnownFileType = sourcecode.c.h; path = AFNetworkActivityIndicatorManager.h; sourceTree = "<group>"; };
		88C32E6C1E66BFF1002753FC /* AFNetworkActivityIndicatorManager.m */ = {isa = PBXFileReference; fileEncoding = 4; lastKnownFileType = sourcecode.c.objc; path = AFNetworkActivityIndicatorManager.m; sourceTree = "<group>"; };
		88C32E6D1E66BFF1002753FC /* UIActivityIndicatorView+AFNetworking.h */ = {isa = PBXFileReference; fileEncoding = 4; lastKnownFileType = sourcecode.c.h; path = "UIActivityIndicatorView+AFNetworking.h"; sourceTree = "<group>"; };
		88C32E6E1E66BFF1002753FC /* UIActivityIndicatorView+AFNetworking.m */ = {isa = PBXFileReference; fileEncoding = 4; lastKnownFileType = sourcecode.c.objc; path = "UIActivityIndicatorView+AFNetworking.m"; sourceTree = "<group>"; };
		88C32E6F1E66BFF1002753FC /* UIAlertView+AFNetworking.h */ = {isa = PBXFileReference; fileEncoding = 4; lastKnownFileType = sourcecode.c.h; path = "UIAlertView+AFNetworking.h"; sourceTree = "<group>"; };
		88C32E701E66BFF1002753FC /* UIAlertView+AFNetworking.m */ = {isa = PBXFileReference; fileEncoding = 4; lastKnownFileType = sourcecode.c.objc; path = "UIAlertView+AFNetworking.m"; sourceTree = "<group>"; };
		88C32E711E66BFF1002753FC /* UIButton+AFNetworking.h */ = {isa = PBXFileReference; fileEncoding = 4; lastKnownFileType = sourcecode.c.h; path = "UIButton+AFNetworking.h"; sourceTree = "<group>"; };
		88C32E721E66BFF1002753FC /* UIButton+AFNetworking.m */ = {isa = PBXFileReference; fileEncoding = 4; lastKnownFileType = sourcecode.c.objc; path = "UIButton+AFNetworking.m"; sourceTree = "<group>"; };
		88C32E731E66BFF1002753FC /* UIImageView+AFNetworking.h */ = {isa = PBXFileReference; fileEncoding = 4; lastKnownFileType = sourcecode.c.h; path = "UIImageView+AFNetworking.h"; sourceTree = "<group>"; };
		88C32E741E66BFF1002753FC /* UIImageView+AFNetworking.m */ = {isa = PBXFileReference; fileEncoding = 4; lastKnownFileType = sourcecode.c.objc; path = "UIImageView+AFNetworking.m"; sourceTree = "<group>"; };
		88C32E751E66BFF1002753FC /* UIKit+AFNetworking.h */ = {isa = PBXFileReference; fileEncoding = 4; lastKnownFileType = sourcecode.c.h; path = "UIKit+AFNetworking.h"; sourceTree = "<group>"; };
		88C32E761E66BFF1002753FC /* UIProgressView+AFNetworking.h */ = {isa = PBXFileReference; fileEncoding = 4; lastKnownFileType = sourcecode.c.h; path = "UIProgressView+AFNetworking.h"; sourceTree = "<group>"; };
		88C32E771E66BFF1002753FC /* UIProgressView+AFNetworking.m */ = {isa = PBXFileReference; fileEncoding = 4; lastKnownFileType = sourcecode.c.objc; path = "UIProgressView+AFNetworking.m"; sourceTree = "<group>"; };
		88C32E781E66BFF1002753FC /* UIRefreshControl+AFNetworking.h */ = {isa = PBXFileReference; fileEncoding = 4; lastKnownFileType = sourcecode.c.h; path = "UIRefreshControl+AFNetworking.h"; sourceTree = "<group>"; };
		88C32E791E66BFF1002753FC /* UIRefreshControl+AFNetworking.m */ = {isa = PBXFileReference; fileEncoding = 4; lastKnownFileType = sourcecode.c.objc; path = "UIRefreshControl+AFNetworking.m"; sourceTree = "<group>"; };
		88C32E7A1E66BFF1002753FC /* UIWebView+AFNetworking.h */ = {isa = PBXFileReference; fileEncoding = 4; lastKnownFileType = sourcecode.c.h; path = "UIWebView+AFNetworking.h"; sourceTree = "<group>"; };
		88C32E7B1E66BFF1002753FC /* UIWebView+AFNetworking.m */ = {isa = PBXFileReference; fileEncoding = 4; lastKnownFileType = sourcecode.c.objc; path = "UIWebView+AFNetworking.m"; sourceTree = "<group>"; };
		88C32E7C1E66BFF1002753FC /* file.png */ = {isa = PBXFileReference; lastKnownFileType = image.png; path = file.png; sourceTree = "<group>"; };
		88C32E7D1E66BFF1002753FC /* NetworkVC.h */ = {isa = PBXFileReference; fileEncoding = 4; lastKnownFileType = sourcecode.c.h; path = NetworkVC.h; sourceTree = "<group>"; };
		88C32E7E1E66BFF1002753FC /* NetworkVC.m */ = {isa = PBXFileReference; fileEncoding = 4; lastKnownFileType = sourcecode.c.objc; path = NetworkVC.m; sourceTree = "<group>"; };
		88C32E7F1E66BFF1002753FC /* NetworkVC.xib */ = {isa = PBXFileReference; fileEncoding = 4; lastKnownFileType = file.xib; path = NetworkVC.xib; sourceTree = "<group>"; };
/* End PBXFileReference section */

/* Begin PBXFrameworksBuildPhase section */
		88A617351E53100C00EF8AFC /* Frameworks */ = {
			isa = PBXFrameworksBuildPhase;
			buildActionMask = 2147483647;
			files = (
				882C99771E8D0D9000BFDAC7 /* AVFoundation.framework in Frameworks */,
				882C996F1E8D007500BFDAC7 /* MediaPlayer.framework in Frameworks */,
				889DBA481E7419E400520C77 /* CoreGraphics.framework in Frameworks */,
				889DBA461E74196F00520C77 /* OpenGLES.framework in Frameworks */,
				885960C91E70211C00760090 /* QuartzCore.framework in Frameworks */,
				889DBA3E1E6BFC4D00520C77 /* MapKit.framework in Frameworks */,
				889DBA3C1E6BFC4200520C77 /* CoreLocation.framework in Frameworks */,
				88A6182D1E5ABE9200EF8AFC /* Security.framework in Frameworks */,
				88A6180A1E5466F200EF8AFC /* libsqlite3.0.tbd in Frameworks */,
				88A6177B1E53EED000EF8AFC /* CoreData.framework in Frameworks */,
			);
			runOnlyForDeploymentPostprocessing = 0;
		};
		88A6174E1E53100C00EF8AFC /* Frameworks */ = {
			isa = PBXFrameworksBuildPhase;
			buildActionMask = 2147483647;
			files = (
			);
			runOnlyForDeploymentPostprocessing = 0;
		};
		88A617591E53100C00EF8AFC /* Frameworks */ = {
			isa = PBXFrameworksBuildPhase;
			buildActionMask = 2147483647;
			files = (
			);
			runOnlyForDeploymentPostprocessing = 0;
		};
/* End PBXFrameworksBuildPhase section */

/* Begin PBXGroup section */
		8859608A1E701FA300760090 /* UI高级（动画） */ = {
			isa = PBXGroup;
			children = (
				8865C5E51E8B4B52003AAEC4 /* Masonry */,
				889B2E941E89E98700ACD1A0 /* Demo2@2x.png */,
				889B2E951E89E98700ACD1A0 /* Demo2@3x.png */,
				885960CA1E70222000760090 /* Animations */,
				885960C31E7020DD00760090 /* TestGeneralAnimationVC.h */,
				885960C41E7020DD00760090 /* TestGeneralAnimationVC.m */,
				885960C51E7020DD00760090 /* TestGeneralAnimationVC.xib */,
				889DBA861E7EBBA700520C77 /* CoreAnimationVC.h */,
				889DBA871E7EBBA700520C77 /* CoreAnimationVC.m */,
				889DBA881E7EBBA700520C77 /* CoreAnimationVC.xib */,
				889B2E981E8A978300ACD1A0 /* CubeVC.h */,
				889B2E991E8A978300ACD1A0 /* CubeVC.m */,
				889B2E9A1E8A978300ACD1A0 /* CubeVC.xib */,
			);
			path = "UI高级（动画）";
			sourceTree = "<group>";
		};
		8859608B1E701FA300760090 /* UI高级（绘图） */ = {
			isa = PBXGroup;
			children = (
				889DBA4B1E7E71F900520C77 /* Quartz2D */,
				889DBA491E7AC65700520C77 /* 概念.txt */,
				889DBA811E7E724500520C77 /* CoreGraphicVC.h */,
				889DBA821E7E724500520C77 /* CoreGraphicVC.m */,
				889DBA831E7E724500520C77 /* CoreGraphicVC.xib */,
			);
			path = "UI高级（绘图）";
			sourceTree = "<group>";
		};
		885960AE1E701FA300760090 /* UI高级（事件+手势） */ = {
			isa = PBXGroup;
			children = (
				882C99691E8BC39100BFDAC7 /* EventVC.h */,
				882C996A1E8BC39100BFDAC7 /* EventVC.m */,
				882C996B1E8BC39100BFDAC7 /* EventVC.xib */,
				882C99711E8D0CE300BFDAC7 /* RemoteEnvetVC.h */,
				882C99721E8D0CE300BFDAC7 /* RemoteEnvetVC.m */,
				882C99731E8D0CE300BFDAC7 /* RemoteEnvetVC.xib */,
			);
			path = "UI高级（事件+手势）";
			sourceTree = "<group>";
		};
		885960CA1E70222000760090 /* Animations */ = {
			isa = PBXGroup;
			children = (
				885960CB1E70222000760090 /* Category */,
			);
			path = Animations;
			sourceTree = "<group>";
		};
		885960CB1E70222000760090 /* Category */ = {
			isa = PBXGroup;
			children = (
				885960CC1E70222000760090 /* UIView+AnimationUtility.h */,
				885960CD1E70222000760090 /* UIView+AnimationUtility.m */,
			);
			path = Category;
			sourceTree = "<group>";
		};
		8865C5E51E8B4B52003AAEC4 /* Masonry */ = {
			isa = PBXGroup;
			children = (
				8865C5E61E8B4B52003AAEC4 /* LICENSE */,
				8865C5E71E8B4B52003AAEC4 /* Masonry */,
				8865C6011E8B4B52003AAEC4 /* README.md */,
			);
			path = Masonry;
			sourceTree = "<group>";
		};
		8865C5E71E8B4B52003AAEC4 /* Masonry */ = {
			isa = PBXGroup;
			children = (
				8865C5E81E8B4B52003AAEC4 /* MASCompositeConstraint.h */,
				8865C5E91E8B4B52003AAEC4 /* MASCompositeConstraint.m */,
				8865C5EA1E8B4B52003AAEC4 /* MASConstraint+Private.h */,
				8865C5EB1E8B4B52003AAEC4 /* MASConstraint.h */,
				8865C5EC1E8B4B52003AAEC4 /* MASConstraint.m */,
				8865C5ED1E8B4B52003AAEC4 /* MASConstraintMaker.h */,
				8865C5EE1E8B4B52003AAEC4 /* MASConstraintMaker.m */,
				8865C5EF1E8B4B52003AAEC4 /* MASLayoutConstraint.h */,
				8865C5F01E8B4B52003AAEC4 /* MASLayoutConstraint.m */,
				8865C5F11E8B4B52003AAEC4 /* Masonry.h */,
				8865C5F21E8B4B52003AAEC4 /* MASUtilities.h */,
				8865C5F31E8B4B52003AAEC4 /* MASViewAttribute.h */,
				8865C5F41E8B4B52003AAEC4 /* MASViewAttribute.m */,
				8865C5F51E8B4B52003AAEC4 /* MASViewConstraint.h */,
				8865C5F61E8B4B52003AAEC4 /* MASViewConstraint.m */,
				8865C5F71E8B4B52003AAEC4 /* NSArray+MASAdditions.h */,
				8865C5F81E8B4B52003AAEC4 /* NSArray+MASAdditions.m */,
				8865C5F91E8B4B52003AAEC4 /* NSArray+MASShorthandAdditions.h */,
				8865C5FA1E8B4B52003AAEC4 /* NSLayoutConstraint+MASDebugAdditions.h */,
				8865C5FB1E8B4B52003AAEC4 /* NSLayoutConstraint+MASDebugAdditions.m */,
				8865C5FC1E8B4B52003AAEC4 /* View+MASAdditions.h */,
				8865C5FD1E8B4B52003AAEC4 /* View+MASAdditions.m */,
				8865C5FE1E8B4B52003AAEC4 /* View+MASShorthandAdditions.h */,
				8865C5FF1E8B4B52003AAEC4 /* ViewController+MASAdditions.h */,
				8865C6001E8B4B52003AAEC4 /* ViewController+MASAdditions.m */,
			);
			path = Masonry;
			sourceTree = "<group>";
		};
		889DBA4B1E7E71F900520C77 /* Quartz2D */ = {
			isa = PBXGroup;
			children = (
				889DBA4C1E7E71F900520C77 /* Demo.png */,
				889DBA4D1E7E71F900520C77 /* Quartz.pdf */,
				889DBA4E1E7E71F900520C77 /* QuartzBlending.h */,
				889DBA4F1E7E71F900520C77 /* QuartzBlending.m */,
				889DBA501E7E71F900520C77 /* QuartzBlendingViewController.h */,
				889DBA511E7E71F900520C77 /* QuartzBlendingViewController.m */,
				889DBA521E7E71F900520C77 /* QuartzClipping.h */,
				889DBA531E7E71F900520C77 /* QuartzClipping.m */,
				889DBA541E7E71F900520C77 /* QuartzCurves.h */,
				889DBA551E7E71F900520C77 /* QuartzCurves.m */,
				889DBA561E7E71F900520C77 /* QuartzDashViewController.h */,
				889DBA571E7E71F900520C77 /* QuartzDashViewController.m */,
				889DBA581E7E71F900520C77 /* QuartzDemo-Info.plist */,
				889DBA591E7E71F900520C77 /* QuartzDemo-Prefix.pch */,
				889DBA5A1E7E71F900520C77 /* QuartzDemoVC.h */,
				889DBA5B1E7E71F900520C77 /* QuartzDemoVC.m */,
				889DBA5C1E7E71F900520C77 /* QuartzGradientViewController.h */,
				889DBA5D1E7E71F900520C77 /* QuartzGradientViewController.m */,
				889DBA5E1E7E71F900520C77 /* QuartzImages.h */,
				889DBA5F1E7E71F900520C77 /* QuartzImages.m */,
				889DBA601E7E71F900520C77 /* QuartzLines.h */,
				889DBA611E7E71F900520C77 /* QuartzLines.m */,
				889DBA621E7E71F900520C77 /* QuartzLineViewController.h */,
				889DBA631E7E71F900520C77 /* QuartzLineViewController.m */,
				889DBA641E7E71F900520C77 /* QuartzPolygons.h */,
				889DBA651E7E71F900520C77 /* QuartzPolygons.m */,
				889DBA661E7E71F900520C77 /* QuartzPolyViewController.h */,
				889DBA671E7E71F900520C77 /* QuartzPolyViewController.m */,
				889DBA681E7E71F900520C77 /* QuartzRendering.h */,
				889DBA691E7E71F900520C77 /* QuartzRendering.m */,
				889DBA6A1E7E71F900520C77 /* QuartzStoryboard.storyboard */,
				889DBA6B1E7E71F900520C77 /* QuartzView.h */,
				889DBA6C1E7E71F900520C77 /* QuartzView.m */,
				889DBA6D1E7E71F900520C77 /* Ship.png */,
			);
			path = Quartz2D;
			sourceTree = "<group>";
		};
		88A6172F1E53100C00EF8AFC = {
			isa = PBXGroup;
			children = (
				88A6173A1E53100C00EF8AFC /* Demo */,
				88A617541E53100C00EF8AFC /* DemoTests */,
				88A6175F1E53100C00EF8AFC /* DemoUITests */,
				88A617391E53100C00EF8AFC /* Products */,
				88A617791E53EED000EF8AFC /* Frameworks */,
			);
			sourceTree = "<group>";
		};
		88A617391E53100C00EF8AFC /* Products */ = {
			isa = PBXGroup;
			children = (
				88A617381E53100C00EF8AFC /* Demo.app */,
				88A617511E53100C00EF8AFC /* DemoTests.xctest */,
				88A6175C1E53100C00EF8AFC /* DemoUITests.xctest */,
			);
			name = Products;
			sourceTree = "<group>";
		};
		88A6173A1E53100C00EF8AFC /* Demo */ = {
			isa = PBXGroup;
			children = (
				8859608B1E701FA300760090 /* UI高级（绘图） */,
				8859608A1E701FA300760090 /* UI高级（动画） */,
				885960AE1E701FA300760090 /* UI高级（事件+手势） */,
				88C32E321E66BFF1002753FC /* 存储（数据库+CoreData+文件） */,
				88C32E4F1E66BFF1002753FC /* 第三方功能（支付+分享） */,
				88C32E501E66BFF1002753FC /* 多线程 */,
				88C32E511E66BFF1002753FC /* 网络 */,
				88C32E801E66BFF1002753FC /* 系统功能（定位+推送+音视频+录音+相机+app跳转+通讯录+日历） */,
				88C32E811E66BFF1002753FC /* H5相关 */,
				88C32E821E66BFF1002753FC /* OC高级（KVC+KVO+运行时） */,
				88A6173E1E53100C00EF8AFC /* AppDelegate.h */,
				88A6173F1E53100C00EF8AFC /* AppDelegate.m */,
				885960EB1E70EEC400760090 /* PrefixHeader.pch */,
				885960E91E70EB7E00760090 /* commonMacroDef.h */,
				88A617411E53100C00EF8AFC /* ViewController.h */,
				88A617421E53100C00EF8AFC /* ViewController.m */,
				88A617441E53100C00EF8AFC /* Main.storyboard */,
				88A617471E53100C00EF8AFC /* Assets.xcassets */,
				88A617491E53100C00EF8AFC /* LaunchScreen.storyboard */,
				88A6174C1E53100C00EF8AFC /* Info.plist */,
				88A6173B1E53100C00EF8AFC /* Supporting Files */,
			);
			path = Demo;
			sourceTree = "<group>";
		};
		88A6173B1E53100C00EF8AFC /* Supporting Files */ = {
			isa = PBXGroup;
			children = (
				88A6173C1E53100C00EF8AFC /* main.m */,
			);
			name = "Supporting Files";
			sourceTree = "<group>";
		};
		88A617541E53100C00EF8AFC /* DemoTests */ = {
			isa = PBXGroup;
			children = (
				88A617551E53100C00EF8AFC /* DemoTests.m */,
				88A617571E53100C00EF8AFC /* Info.plist */,
			);
			path = DemoTests;
			sourceTree = "<group>";
		};
		88A6175F1E53100C00EF8AFC /* DemoUITests */ = {
			isa = PBXGroup;
			children = (
				88A617601E53100C00EF8AFC /* DemoUITests.m */,
				88A617621E53100C00EF8AFC /* Info.plist */,
			);
			path = DemoUITests;
			sourceTree = "<group>";
		};
		88A617791E53EED000EF8AFC /* Frameworks */ = {
			isa = PBXGroup;
			children = (
				882C99761E8D0D9000BFDAC7 /* AVFoundation.framework */,
				882C996E1E8D007500BFDAC7 /* MediaPlayer.framework */,
				889DBA471E7419E400520C77 /* CoreGraphics.framework */,
				889DBA451E74196F00520C77 /* OpenGLES.framework */,
				885960C81E70211C00760090 /* QuartzCore.framework */,
				889DBA3D1E6BFC4D00520C77 /* MapKit.framework */,
				889DBA3B1E6BFC4200520C77 /* CoreLocation.framework */,
				88A6182C1E5ABE9200EF8AFC /* Security.framework */,
				88A618091E5466F200EF8AFC /* libsqlite3.0.tbd */,
				88A6177A1E53EED000EF8AFC /* CoreData.framework */,
			);
			name = Frameworks;
			sourceTree = "<group>";
		};
		88C32E321E66BFF1002753FC /* 存储（数据库+CoreData+文件） */ = {
			isa = PBXGroup;
			children = (
				88C32E331E66BFF1002753FC /* CoreData */,
				88C32E381E66BFF1002753FC /* FileManager */,
				88C32E401E66BFF1002753FC /* FMDB */,
			);
			path = "存储（数据库+CoreData+文件）";
			sourceTree = "<group>";
		};
		88C32E331E66BFF1002753FC /* CoreData */ = {
			isa = PBXGroup;
			children = (
				88C32E341E66BFF1002753FC /* CoreDataVC.h */,
				88C32E351E66BFF1002753FC /* CoreDataVC.m */,
				88C32E361E66BFF1002753FC /* Model.xcdatamodeld */,
			);
			path = CoreData;
			sourceTree = "<group>";
		};
		88C32E381E66BFF1002753FC /* FileManager */ = {
			isa = PBXGroup;
			children = (
				88C32E391E66BFF1002753FC /* FileManagerVC.h */,
				88C32E3A1E66BFF1002753FC /* FileManagerVC.m */,
				88C32E3B1E66BFF1002753FC /* FileManagerVC.xib */,
				88C32E3C1E66BFF1002753FC /* student.xml */,
				88C32E3D1E66BFF1002753FC /* UICKeyChainStore */,
			);
			path = FileManager;
			sourceTree = "<group>";
		};
		88C32E3D1E66BFF1002753FC /* UICKeyChainStore */ = {
			isa = PBXGroup;
			children = (
				88C32E3E1E66BFF1002753FC /* UICKeyChainStore.h */,
				88C32E3F1E66BFF1002753FC /* UICKeyChainStore.m */,
			);
			path = UICKeyChainStore;
			sourceTree = "<group>";
		};
		88C32E401E66BFF1002753FC /* FMDB */ = {
			isa = PBXGroup;
			children = (
				88C32E411E66BFF1002753FC /* FMDATEBASE */,
				88C32E4D1E66BFF1002753FC /* FMDBVC.h */,
				88C32E4E1E66BFF1002753FC /* FMDBVC.m */,
			);
			path = FMDB;
			sourceTree = "<group>";
		};
		88C32E411E66BFF1002753FC /* FMDATEBASE */ = {
			isa = PBXGroup;
			children = (
				88C32E421E66BFF1002753FC /* FMDatabase.h */,
				88C32E431E66BFF1002753FC /* FMDatabase.m */,
				88C32E441E66BFF1002753FC /* FMDatabaseAdditions.h */,
				88C32E451E66BFF1002753FC /* FMDatabaseAdditions.m */,
				88C32E461E66BFF1002753FC /* FMDatabasePool.h */,
				88C32E471E66BFF1002753FC /* FMDatabasePool.m */,
				88C32E481E66BFF1002753FC /* FMDatabaseQueue.h */,
				88C32E491E66BFF1002753FC /* FMDatabaseQueue.m */,
				88C32E4A1E66BFF1002753FC /* FMDB.h */,
				88C32E4B1E66BFF1002753FC /* FMResultSet.h */,
				88C32E4C1E66BFF1002753FC /* FMResultSet.m */,
			);
			path = FMDATEBASE;
			sourceTree = "<group>";
		};
		88C32E4F1E66BFF1002753FC /* 第三方功能（支付+分享） */ = {
			isa = PBXGroup;
			children = (
			);
			path = "第三方功能（支付+分享）";
			sourceTree = "<group>";
		};
		88C32E501E66BFF1002753FC /* 多线程 */ = {
			isa = PBXGroup;
			children = (
			);
			path = "多线程";
			sourceTree = "<group>";
		};
		88C32E511E66BFF1002753FC /* 网络 */ = {
			isa = PBXGroup;
			children = (
				88C32E521E66BFF1002753FC /* Network */,
			);
			path = "网络";
			sourceTree = "<group>";
		};
		88C32E521E66BFF1002753FC /* Network */ = {
			isa = PBXGroup;
			children = (
				88C32E531E66BFF1002753FC /* AFNetworking */,
				88C32E7C1E66BFF1002753FC /* file.png */,
				88C32E7D1E66BFF1002753FC /* NetworkVC.h */,
				88C32E7E1E66BFF1002753FC /* NetworkVC.m */,
				88C32E7F1E66BFF1002753FC /* NetworkVC.xib */,
			);
			path = Network;
			sourceTree = "<group>";
		};
		88C32E531E66BFF1002753FC /* AFNetworking */ = {
			isa = PBXGroup;
			children = (
				88C32E541E66BFF1002753FC /* AFNetworking */,
				88C32E681E66BFF1002753FC /* LICENSE */,
				88C32E691E66BFF1002753FC /* README.md */,
				88C32E6A1E66BFF1002753FC /* UIKit+AFNetworking */,
			);
			path = AFNetworking;
			sourceTree = "<group>";
		};
		88C32E541E66BFF1002753FC /* AFNetworking */ = {
			isa = PBXGroup;
			children = (
				88C32E551E66BFF1002753FC /* AFHTTPRequestOperation.h */,
				88C32E561E66BFF1002753FC /* AFHTTPRequestOperation.m */,
				88C32E571E66BFF1002753FC /* AFHTTPRequestOperationManager.h */,
				88C32E581E66BFF1002753FC /* AFHTTPRequestOperationManager.m */,
				88C32E591E66BFF1002753FC /* AFHTTPSessionManager.h */,
				88C32E5A1E66BFF1002753FC /* AFHTTPSessionManager.m */,
				88C32E5B1E66BFF1002753FC /* AFNetworking.h */,
				88C32E5C1E66BFF1002753FC /* AFNetworkReachabilityManager.h */,
				88C32E5D1E66BFF1002753FC /* AFNetworkReachabilityManager.m */,
				88C32E5E1E66BFF1002753FC /* AFSecurityPolicy.h */,
				88C32E5F1E66BFF1002753FC /* AFSecurityPolicy.m */,
				88C32E601E66BFF1002753FC /* AFURLConnectionOperation.h */,
				88C32E611E66BFF1002753FC /* AFURLConnectionOperation.m */,
				88C32E621E66BFF1002753FC /* AFURLRequestSerialization.h */,
				88C32E631E66BFF1002753FC /* AFURLRequestSerialization.m */,
				88C32E641E66BFF1002753FC /* AFURLResponseSerialization.h */,
				88C32E651E66BFF1002753FC /* AFURLResponseSerialization.m */,
				88C32E661E66BFF1002753FC /* AFURLSessionManager.h */,
				88C32E671E66BFF1002753FC /* AFURLSessionManager.m */,
			);
			path = AFNetworking;
			sourceTree = "<group>";
		};
		88C32E6A1E66BFF1002753FC /* UIKit+AFNetworking */ = {
			isa = PBXGroup;
			children = (
				88C32E6B1E66BFF1002753FC /* AFNetworkActivityIndicatorManager.h */,
				88C32E6C1E66BFF1002753FC /* AFNetworkActivityIndicatorManager.m */,
				88C32E6D1E66BFF1002753FC /* UIActivityIndicatorView+AFNetworking.h */,
				88C32E6E1E66BFF1002753FC /* UIActivityIndicatorView+AFNetworking.m */,
				88C32E6F1E66BFF1002753FC /* UIAlertView+AFNetworking.h */,
				88C32E701E66BFF1002753FC /* UIAlertView+AFNetworking.m */,
				88C32E711E66BFF1002753FC /* UIButton+AFNetworking.h */,
				88C32E721E66BFF1002753FC /* UIButton+AFNetworking.m */,
				88C32E731E66BFF1002753FC /* UIImageView+AFNetworking.h */,
				88C32E741E66BFF1002753FC /* UIImageView+AFNetworking.m */,
				88C32E751E66BFF1002753FC /* UIKit+AFNetworking.h */,
				88C32E761E66BFF1002753FC /* UIProgressView+AFNetworking.h */,
				88C32E771E66BFF1002753FC /* UIProgressView+AFNetworking.m */,
				88C32E781E66BFF1002753FC /* UIRefreshControl+AFNetworking.h */,
				88C32E791E66BFF1002753FC /* UIRefreshControl+AFNetworking.m */,
				88C32E7A1E66BFF1002753FC /* UIWebView+AFNetworking.h */,
				88C32E7B1E66BFF1002753FC /* UIWebView+AFNetworking.m */,
			);
			path = "UIKit+AFNetworking";
			sourceTree = "<group>";
		};
		88C32E801E66BFF1002753FC /* 系统功能（定位+推送+音视频+录音+相机+app跳转+通讯录+日历） */ = {
			isa = PBXGroup;
			children = (
				889DBA361E6BFBA200520C77 /* CoreLocationVC.h */,
				889DBA371E6BFBA200520C77 /* CoreLocationVC.m */,
				889DBA381E6BFBA200520C77 /* CoreLocationVC.xib */,
			);
			name = "系统功能（定位+推送+音视频+录音+相机+app跳转+通讯录+日历）";
			path = "系统功能（定位+音视频+录音+播放+app跳转+通讯录+日历）";
			sourceTree = "<group>";
		};
		88C32E811E66BFF1002753FC /* H5相关 */ = {
			isa = PBXGroup;
			children = (
			);
			path = "H5相关";
			sourceTree = "<group>";
		};
		88C32E821E66BFF1002753FC /* OC高级（KVC+KVO+运行时） */ = {
			isa = PBXGroup;
			children = (
			);
			path = "OC高级（KVC+KVO+运行时）";
			sourceTree = "<group>";
		};
/* End PBXGroup section */

/* Begin PBXNativeTarget section */
		88A617371E53100C00EF8AFC /* Demo */ = {
			isa = PBXNativeTarget;
			buildConfigurationList = 88A617651E53100C00EF8AFC /* Build configuration list for PBXNativeTarget "Demo" */;
			buildPhases = (
				88A617341E53100C00EF8AFC /* Sources */,
				88A617351E53100C00EF8AFC /* Frameworks */,
				88A617361E53100C00EF8AFC /* Resources */,
			);
			buildRules = (
			);
			dependencies = (
			);
			name = Demo;
			productName = Demo;
			productReference = 88A617381E53100C00EF8AFC /* Demo.app */;
			productType = "com.apple.product-type.application";
		};
		88A617501E53100C00EF8AFC /* DemoTests */ = {
			isa = PBXNativeTarget;
			buildConfigurationList = 88A617681E53100C00EF8AFC /* Build configuration list for PBXNativeTarget "DemoTests" */;
			buildPhases = (
				88A6174D1E53100C00EF8AFC /* Sources */,
				88A6174E1E53100C00EF8AFC /* Frameworks */,
				88A6174F1E53100C00EF8AFC /* Resources */,
			);
			buildRules = (
			);
			dependencies = (
				88A617531E53100C00EF8AFC /* PBXTargetDependency */,
			);
			name = DemoTests;
			productName = DemoTests;
			productReference = 88A617511E53100C00EF8AFC /* DemoTests.xctest */;
			productType = "com.apple.product-type.bundle.unit-test";
		};
		88A6175B1E53100C00EF8AFC /* DemoUITests */ = {
			isa = PBXNativeTarget;
			buildConfigurationList = 88A6176B1E53100C00EF8AFC /* Build configuration list for PBXNativeTarget "DemoUITests" */;
			buildPhases = (
				88A617581E53100C00EF8AFC /* Sources */,
				88A617591E53100C00EF8AFC /* Frameworks */,
				88A6175A1E53100C00EF8AFC /* Resources */,
			);
			buildRules = (
			);
			dependencies = (
				88A6175E1E53100C00EF8AFC /* PBXTargetDependency */,
			);
			name = DemoUITests;
			productName = DemoUITests;
			productReference = 88A6175C1E53100C00EF8AFC /* DemoUITests.xctest */;
			productType = "com.apple.product-type.bundle.ui-testing";
		};
/* End PBXNativeTarget section */

/* Begin PBXProject section */
		88A617301E53100C00EF8AFC /* Project object */ = {
			isa = PBXProject;
			attributes = {
				LastUpgradeCheck = 0820;
				ORGANIZATIONNAME = "郭晓倩";
				TargetAttributes = {
					88A617371E53100C00EF8AFC = {
						CreatedOnToolsVersion = 8.2.1;
						LastSwiftMigration = 0820;
						ProvisioningStyle = Automatic;
						SystemCapabilities = {
							com.apple.BackgroundModes = {
								enabled = 1;
							};
						};
					};
					88A617501E53100C00EF8AFC = {
						CreatedOnToolsVersion = 8.2.1;
						ProvisioningStyle = Automatic;
						TestTargetID = 88A617371E53100C00EF8AFC;
					};
					88A6175B1E53100C00EF8AFC = {
						CreatedOnToolsVersion = 8.2.1;
						ProvisioningStyle = Automatic;
						TestTargetID = 88A617371E53100C00EF8AFC;
					};
				};
			};
			buildConfigurationList = 88A617331E53100C00EF8AFC /* Build configuration list for PBXProject "Demo" */;
			compatibilityVersion = "Xcode 3.2";
			developmentRegion = English;
			hasScannedForEncodings = 0;
			knownRegions = (
				en,
				Base,
			);
			mainGroup = 88A6172F1E53100C00EF8AFC;
			productRefGroup = 88A617391E53100C00EF8AFC /* Products */;
			projectDirPath = "";
			projectRoot = "";
			targets = (
				88A617371E53100C00EF8AFC /* Demo */,
				88A617501E53100C00EF8AFC /* DemoTests */,
				88A6175B1E53100C00EF8AFC /* DemoUITests */,
			);
		};
/* End PBXProject section */

/* Begin PBXResourcesBuildPhase section */
		88A617361E53100C00EF8AFC /* Resources */ = {
			isa = PBXResourcesBuildPhase;
			buildActionMask = 2147483647;
			files = (
				889DBA6E1E7E71F900520C77 /* Demo.png in Resources */,
				889B2E971E89E98700ACD1A0 /* Demo2@3x.png in Resources */,
				885960C71E7020DD00760090 /* TestGeneralAnimationVC.xib in Resources */,
				88C32E991E66BFF1002753FC /* LICENSE in Resources */,
				88C32EA51E66BFF1002753FC /* NetworkVC.xib in Resources */,
				889DBA751E7E71F900520C77 /* QuartzDemo-Info.plist in Resources */,
				889DBA7E1E7E71F900520C77 /* QuartzStoryboard.storyboard in Resources */,
				88A6174B1E53100C00EF8AFC /* LaunchScreen.storyboard in Resources */,
				88A617481E53100C00EF8AFC /* Assets.xcassets in Resources */,
				889DBA8A1E7EBBA700520C77 /* CoreAnimationVC.xib in Resources */,
				889B2E9C1E8A978300ACD1A0 /* CubeVC.xib in Resources */,
				88C32E871E66BFF1002753FC /* FileManagerVC.xib in Resources */,
				88A617461E53100C00EF8AFC /* Main.storyboard in Resources */,
				88C32E881E66BFF1002753FC /* student.xml in Resources */,
				889DBA4A1E7AC65700520C77 /* 概念.txt in Resources */,
				882C996D1E8BC39100BFDAC7 /* EventVC.xib in Resources */,
				889B2E961E89E98700ACD1A0 /* Demo2@2x.png in Resources */,
				882C99751E8D0CE300BFDAC7 /* RemoteEnvetVC.xib in Resources */,
				8865C6021E8B4B52003AAEC4 /* LICENSE in Resources */,
				889DBA851E7E724500520C77 /* CoreGraphicVC.xib in Resources */,
				88C32EA31E66BFF1002753FC /* file.png in Resources */,
				889DBA6F1E7E71F900520C77 /* Quartz.pdf in Resources */,
				889DBA3A1E6BFBA200520C77 /* CoreLocationVC.xib in Resources */,
				889DBA801E7E71F900520C77 /* Ship.png in Resources */,
			);
			runOnlyForDeploymentPostprocessing = 0;
		};
		88A6174F1E53100C00EF8AFC /* Resources */ = {
			isa = PBXResourcesBuildPhase;
			buildActionMask = 2147483647;
			files = (
			);
			runOnlyForDeploymentPostprocessing = 0;
		};
		88A6175A1E53100C00EF8AFC /* Resources */ = {
			isa = PBXResourcesBuildPhase;
			buildActionMask = 2147483647;
			files = (
			);
			runOnlyForDeploymentPostprocessing = 0;
		};
/* End PBXResourcesBuildPhase section */

/* Begin PBXSourcesBuildPhase section */
		88A617341E53100C00EF8AFC /* Sources */ = {
			isa = PBXSourcesBuildPhase;
			buildActionMask = 2147483647;
			files = (
				88C32E861E66BFF1002753FC /* FileManagerVC.m in Sources */,
				88C32E9C1E66BFF1002753FC /* UIActivityIndicatorView+AFNetworking.m in Sources */,
				88C32EA11E66BFF1002753FC /* UIRefreshControl+AFNetworking.m in Sources */,
				88C32E9E1E66BFF1002753FC /* UIButton+AFNetworking.m in Sources */,
				88C32E9D1E66BFF1002753FC /* UIAlertView+AFNetworking.m in Sources */,
				889DBA7C1E7E71F900520C77 /* QuartzPolyViewController.m in Sources */,
				889DBA701E7E71F900520C77 /* QuartzBlending.m in Sources */,
				88A617431E53100C00EF8AFC /* ViewController.m in Sources */,
				889DBA781E7E71F900520C77 /* QuartzImages.m in Sources */,
				88C32E911E66BFF1002753FC /* AFHTTPRequestOperationManager.m in Sources */,
				88A617401E53100C00EF8AFC /* AppDelegate.m in Sources */,
				889DBA891E7EBBA700520C77 /* CoreAnimationVC.m in Sources */,
				88C32E951E66BFF1002753FC /* AFURLConnectionOperation.m in Sources */,
				88C32EA41E66BFF1002753FC /* NetworkVC.m in Sources */,
				88C32E8F1E66BFF1002753FC /* FMDBVC.m in Sources */,
				885960E11E70222000760090 /* UIView+AnimationUtility.m in Sources */,
				88C32E851E66BFF1002753FC /* Model.xcdatamodeld in Sources */,
				88C32E961E66BFF1002753FC /* AFURLRequestSerialization.m in Sources */,
				88C32EA01E66BFF1002753FC /* UIProgressView+AFNetworking.m in Sources */,
				88C32E9A1E66BFF1002753FC /* README.md in Sources */,
				8865C60C1E8B4B52003AAEC4 /* ViewController+MASAdditions.m in Sources */,
				8865C6041E8B4B52003AAEC4 /* MASConstraint.m in Sources */,
				8865C6031E8B4B52003AAEC4 /* MASCompositeConstraint.m in Sources */,
				88A6173D1E53100C00EF8AFC /* main.m in Sources */,
				8865C60D1E8B4B52003AAEC4 /* README.md in Sources */,
				8865C60A1E8B4B52003AAEC4 /* NSLayoutConstraint+MASDebugAdditions.m in Sources */,
				889DBA7F1E7E71F900520C77 /* QuartzView.m in Sources */,
				88C32E921E66BFF1002753FC /* AFHTTPSessionManager.m in Sources */,
				889DBA7A1E7E71F900520C77 /* QuartzLineViewController.m in Sources */,
				88C32E901E66BFF1002753FC /* AFHTTPRequestOperation.m in Sources */,
				88C32E8B1E66BFF1002753FC /* FMDatabaseAdditions.m in Sources */,
				88C32E941E66BFF1002753FC /* AFSecurityPolicy.m in Sources */,
				8865C6081E8B4B52003AAEC4 /* MASViewConstraint.m in Sources */,
				885960C61E7020DD00760090 /* TestGeneralAnimationVC.m in Sources */,
				889DBA771E7E71F900520C77 /* QuartzGradientViewController.m in Sources */,
				8865C6051E8B4B52003AAEC4 /* MASConstraintMaker.m in Sources */,
				882C99741E8D0CE300BFDAC7 /* RemoteEnvetVC.m in Sources */,
				88C32E8E1E66BFF1002753FC /* FMResultSet.m in Sources */,
				88C32E931E66BFF1002753FC /* AFNetworkReachabilityManager.m in Sources */,
				88C32E9F1E66BFF1002753FC /* UIImageView+AFNetworking.m in Sources */,
				8865C6091E8B4B52003AAEC4 /* NSArray+MASAdditions.m in Sources */,
				8865C60B1E8B4B52003AAEC4 /* View+MASAdditions.m in Sources */,
				88C32E981E66BFF1002753FC /* AFURLSessionManager.m in Sources */,
				88C32E891E66BFF1002753FC /* UICKeyChainStore.m in Sources */,
				88C32E8C1E66BFF1002753FC /* FMDatabasePool.m in Sources */,
				889B2E9B1E8A978300ACD1A0 /* CubeVC.m in Sources */,
				889DBA7D1E7E71F900520C77 /* QuartzRendering.m in Sources */,
				889DBA391E6BFBA200520C77 /* CoreLocationVC.m in Sources */,
				889DBA721E7E71F900520C77 /* QuartzClipping.m in Sources */,
				88C32E8D1E66BFF1002753FC /* FMDatabaseQueue.m in Sources */,
				88C32E9B1E66BFF1002753FC /* AFNetworkActivityIndicatorManager.m in Sources */,
				88C32E841E66BFF1002753FC /* CoreDataVC.m in Sources */,
				88C32EA21E66BFF1002753FC /* UIWebView+AFNetworking.m in Sources */,
				889DBA741E7E71F900520C77 /* QuartzDashViewController.m in Sources */,
				8865C6071E8B4B52003AAEC4 /* MASViewAttribute.m in Sources */,
				889DBA761E7E71F900520C77 /* QuartzDemoVC.m in Sources */,
				88C32E971E66BFF1002753FC /* AFURLResponseSerialization.m in Sources */,
				889DBA711E7E71F900520C77 /* QuartzBlendingViewController.m in Sources */,
				889DBA731E7E71F900520C77 /* QuartzCurves.m in Sources */,
				889DBA7B1E7E71F900520C77 /* QuartzPolygons.m in Sources */,
				8865C6061E8B4B52003AAEC4 /* MASLayoutConstraint.m in Sources */,
				889DBA841E7E724500520C77 /* CoreGraphicVC.m in Sources */,
				889DBA791E7E71F900520C77 /* QuartzLines.m in Sources */,
				88C32E8A1E66BFF1002753FC /* FMDatabase.m in Sources */,
				882C996C1E8BC39100BFDAC7 /* EventVC.m in Sources */,
			);
			runOnlyForDeploymentPostprocessing = 0;
		};
		88A6174D1E53100C00EF8AFC /* Sources */ = {
			isa = PBXSourcesBuildPhase;
			buildActionMask = 2147483647;
			files = (
				88A617561E53100C00EF8AFC /* DemoTests.m in Sources */,
			);
			runOnlyForDeploymentPostprocessing = 0;
		};
		88A617581E53100C00EF8AFC /* Sources */ = {
			isa = PBXSourcesBuildPhase;
			buildActionMask = 2147483647;
			files = (
				88A617611E53100C00EF8AFC /* DemoUITests.m in Sources */,
			);
			runOnlyForDeploymentPostprocessing = 0;
		};
/* End PBXSourcesBuildPhase section */

/* Begin PBXTargetDependency section */
		88A617531E53100C00EF8AFC /* PBXTargetDependency */ = {
			isa = PBXTargetDependency;
			target = 88A617371E53100C00EF8AFC /* Demo */;
			targetProxy = 88A617521E53100C00EF8AFC /* PBXContainerItemProxy */;
		};
		88A6175E1E53100C00EF8AFC /* PBXTargetDependency */ = {
			isa = PBXTargetDependency;
			target = 88A617371E53100C00EF8AFC /* Demo */;
			targetProxy = 88A6175D1E53100C00EF8AFC /* PBXContainerItemProxy */;
		};
/* End PBXTargetDependency section */

/* Begin PBXVariantGroup section */
		88A617441E53100C00EF8AFC /* Main.storyboard */ = {
			isa = PBXVariantGroup;
			children = (
				88A617451E53100C00EF8AFC /* Base */,
			);
			name = Main.storyboard;
			sourceTree = "<group>";
		};
		88A617491E53100C00EF8AFC /* LaunchScreen.storyboard */ = {
			isa = PBXVariantGroup;
			children = (
				88A6174A1E53100C00EF8AFC /* Base */,
			);
			name = LaunchScreen.storyboard;
			sourceTree = "<group>";
		};
/* End PBXVariantGroup section */

/* Begin XCBuildConfiguration section */
		88A617631E53100C00EF8AFC /* Debug */ = {
			isa = XCBuildConfiguration;
			buildSettings = {
				ALWAYS_SEARCH_USER_PATHS = NO;
				CLANG_ANALYZER_NONNULL = YES;
				CLANG_CXX_LANGUAGE_STANDARD = "gnu++0x";
				CLANG_CXX_LIBRARY = "libc++";
				CLANG_ENABLE_MODULES = YES;
				CLANG_ENABLE_OBJC_ARC = YES;
				CLANG_WARN_BOOL_CONVERSION = YES;
				CLANG_WARN_CONSTANT_CONVERSION = YES;
				CLANG_WARN_DIRECT_OBJC_ISA_USAGE = YES_ERROR;
				CLANG_WARN_DOCUMENTATION_COMMENTS = YES;
				CLANG_WARN_EMPTY_BODY = YES;
				CLANG_WARN_ENUM_CONVERSION = YES;
				CLANG_WARN_INFINITE_RECURSION = YES;
				CLANG_WARN_INT_CONVERSION = YES;
				CLANG_WARN_OBJC_ROOT_CLASS = YES_ERROR;
				CLANG_WARN_SUSPICIOUS_MOVE = YES;
				CLANG_WARN_UNREACHABLE_CODE = YES;
				CLANG_WARN__DUPLICATE_METHOD_MATCH = YES;
				"CODE_SIGN_IDENTITY[sdk=iphoneos*]" = "iPhone Developer";
				COPY_PHASE_STRIP = NO;
				DEBUG_INFORMATION_FORMAT = dwarf;
				ENABLE_STRICT_OBJC_MSGSEND = YES;
				ENABLE_TESTABILITY = YES;
				GCC_C_LANGUAGE_STANDARD = gnu99;
				GCC_DYNAMIC_NO_PIC = NO;
				GCC_NO_COMMON_BLOCKS = YES;
				GCC_OPTIMIZATION_LEVEL = 0;
				GCC_PREPROCESSOR_DEFINITIONS = (
					"DEBUG=1",
					"$(inherited)",
				);
				GCC_WARN_64_TO_32_BIT_CONVERSION = YES;
				GCC_WARN_ABOUT_RETURN_TYPE = YES_ERROR;
				GCC_WARN_UNDECLARED_SELECTOR = YES;
				GCC_WARN_UNINITIALIZED_AUTOS = YES_AGGRESSIVE;
				GCC_WARN_UNUSED_FUNCTION = YES;
				GCC_WARN_UNUSED_VARIABLE = YES;
				IPHONEOS_DEPLOYMENT_TARGET = 10.2;
				MTL_ENABLE_DEBUG_INFO = YES;
				ONLY_ACTIVE_ARCH = YES;
				SDKROOT = iphoneos;
				TARGETED_DEVICE_FAMILY = "1,2";
			};
			name = Debug;
		};
		88A617641E53100C00EF8AFC /* Release */ = {
			isa = XCBuildConfiguration;
			buildSettings = {
				ALWAYS_SEARCH_USER_PATHS = NO;
				CLANG_ANALYZER_NONNULL = YES;
				CLANG_CXX_LANGUAGE_STANDARD = "gnu++0x";
				CLANG_CXX_LIBRARY = "libc++";
				CLANG_ENABLE_MODULES = YES;
				CLANG_ENABLE_OBJC_ARC = YES;
				CLANG_WARN_BOOL_CONVERSION = YES;
				CLANG_WARN_CONSTANT_CONVERSION = YES;
				CLANG_WARN_DIRECT_OBJC_ISA_USAGE = YES_ERROR;
				CLANG_WARN_DOCUMENTATION_COMMENTS = YES;
				CLANG_WARN_EMPTY_BODY = YES;
				CLANG_WARN_ENUM_CONVERSION = YES;
				CLANG_WARN_INFINITE_RECURSION = YES;
				CLANG_WARN_INT_CONVERSION = YES;
				CLANG_WARN_OBJC_ROOT_CLASS = YES_ERROR;
				CLANG_WARN_SUSPICIOUS_MOVE = YES;
				CLANG_WARN_UNREACHABLE_CODE = YES;
				CLANG_WARN__DUPLICATE_METHOD_MATCH = YES;
				"CODE_SIGN_IDENTITY[sdk=iphoneos*]" = "iPhone Developer";
				COPY_PHASE_STRIP = NO;
				DEBUG_INFORMATION_FORMAT = "dwarf-with-dsym";
				ENABLE_NS_ASSERTIONS = NO;
				ENABLE_STRICT_OBJC_MSGSEND = YES;
				GCC_C_LANGUAGE_STANDARD = gnu99;
				GCC_NO_COMMON_BLOCKS = YES;
				GCC_WARN_64_TO_32_BIT_CONVERSION = YES;
				GCC_WARN_ABOUT_RETURN_TYPE = YES_ERROR;
				GCC_WARN_UNDECLARED_SELECTOR = YES;
				GCC_WARN_UNINITIALIZED_AUTOS = YES_AGGRESSIVE;
				GCC_WARN_UNUSED_FUNCTION = YES;
				GCC_WARN_UNUSED_VARIABLE = YES;
				IPHONEOS_DEPLOYMENT_TARGET = 10.2;
				MTL_ENABLE_DEBUG_INFO = NO;
				SDKROOT = iphoneos;
				TARGETED_DEVICE_FAMILY = "1,2";
				VALIDATE_PRODUCT = YES;
			};
			name = Release;
		};
		88A617661E53100C00EF8AFC /* Debug */ = {
			isa = XCBuildConfiguration;
			buildSettings = {
				ASSETCATALOG_COMPILER_APPICON_NAME = AppIcon;
				CLANG_ENABLE_MODULES = YES;
				GCC_PRECOMPILE_PREFIX_HEADER = YES;
				GCC_PREFIX_HEADER = Demo/PrefixHeader.pch;
				INFOPLIST_FILE = Demo/Info.plist;
				IPHONEOS_DEPLOYMENT_TARGET = 10.0;
				LD_RUNPATH_SEARCH_PATHS = "$(inherited) @executable_path/Frameworks";
				PRODUCT_BUNDLE_IDENTIFIER = com.gxq.Demo;
				PRODUCT_NAME = "$(TARGET_NAME)";
				SWIFT_OBJC_BRIDGING_HEADER = "Demo-Bridging-Header.h";
				SWIFT_OPTIMIZATION_LEVEL = "-Onone";
				SWIFT_VERSION = 3.0;
			};
			name = Debug;
		};
		88A617671E53100C00EF8AFC /* Release */ = {
			isa = XCBuildConfiguration;
			buildSettings = {
				ASSETCATALOG_COMPILER_APPICON_NAME = AppIcon;
				CLANG_ENABLE_MODULES = YES;
				GCC_PRECOMPILE_PREFIX_HEADER = YES;
				GCC_PREFIX_HEADER = Demo/PrefixHeader.pch;
				INFOPLIST_FILE = Demo/Info.plist;
				IPHONEOS_DEPLOYMENT_TARGET = 10.0;
				LD_RUNPATH_SEARCH_PATHS = "$(inherited) @executable_path/Frameworks";
				PRODUCT_BUNDLE_IDENTIFIER = com.gxq.Demo;
				PRODUCT_NAME = "$(TARGET_NAME)";
				SWIFT_OBJC_BRIDGING_HEADER = "Demo-Bridging-Header.h";
				SWIFT_VERSION = 3.0;
			};
			name = Release;
		};
		88A617691E53100C00EF8AFC /* Debug */ = {
			isa = XCBuildConfiguration;
			buildSettings = {
				BUNDLE_LOADER = "$(TEST_HOST)";
				INFOPLIST_FILE = DemoTests/Info.plist;
				LD_RUNPATH_SEARCH_PATHS = "$(inherited) @executable_path/Frameworks @loader_path/Frameworks";
				PRODUCT_BUNDLE_IDENTIFIER = com.gxq.DemoTests;
				PRODUCT_NAME = "$(TARGET_NAME)";
				TEST_HOST = "$(BUILT_PRODUCTS_DIR)/Demo.app/Demo";
			};
			name = Debug;
		};
		88A6176A1E53100C00EF8AFC /* Release */ = {
			isa = XCBuildConfiguration;
			buildSettings = {
				BUNDLE_LOADER = "$(TEST_HOST)";
				INFOPLIST_FILE = DemoTests/Info.plist;
				LD_RUNPATH_SEARCH_PATHS = "$(inherited) @executable_path/Frameworks @loader_path/Frameworks";
				PRODUCT_BUNDLE_IDENTIFIER = com.gxq.DemoTests;
				PRODUCT_NAME = "$(TARGET_NAME)";
				TEST_HOST = "$(BUILT_PRODUCTS_DIR)/Demo.app/Demo";
			};
			name = Release;
		};
		88A6176C1E53100C00EF8AFC /* Debug */ = {
			isa = XCBuildConfiguration;
			buildSettings = {
				INFOPLIST_FILE = DemoUITests/Info.plist;
				LD_RUNPATH_SEARCH_PATHS = "$(inherited) @executable_path/Frameworks @loader_path/Frameworks";
				PRODUCT_BUNDLE_IDENTIFIER = com.gxq.DemoUITests;
				PRODUCT_NAME = "$(TARGET_NAME)";
				TEST_TARGET_NAME = Demo;
			};
			name = Debug;
		};
		88A6176D1E53100C00EF8AFC /* Release */ = {
			isa = XCBuildConfiguration;
			buildSettings = {
				INFOPLIST_FILE = DemoUITests/Info.plist;
				LD_RUNPATH_SEARCH_PATHS = "$(inherited) @executable_path/Frameworks @loader_path/Frameworks";
				PRODUCT_BUNDLE_IDENTIFIER = com.gxq.DemoUITests;
				PRODUCT_NAME = "$(TARGET_NAME)";
				TEST_TARGET_NAME = Demo;
			};
			name = Release;
		};
/* End XCBuildConfiguration section */

/* Begin XCConfigurationList section */
		88A617331E53100C00EF8AFC /* Build configuration list for PBXProject "Demo" */ = {
			isa = XCConfigurationList;
			buildConfigurations = (
				88A617631E53100C00EF8AFC /* Debug */,
				88A617641E53100C00EF8AFC /* Release */,
			);
			defaultConfigurationIsVisible = 0;
			defaultConfigurationName = Release;
		};
		88A617651E53100C00EF8AFC /* Build configuration list for PBXNativeTarget "Demo" */ = {
			isa = XCConfigurationList;
			buildConfigurations = (
				88A617661E53100C00EF8AFC /* Debug */,
				88A617671E53100C00EF8AFC /* Release */,
			);
			defaultConfigurationIsVisible = 0;
			defaultConfigurationName = Release;
		};
		88A617681E53100C00EF8AFC /* Build configuration list for PBXNativeTarget "DemoTests" */ = {
			isa = XCConfigurationList;
			buildConfigurations = (
				88A617691E53100C00EF8AFC /* Debug */,
				88A6176A1E53100C00EF8AFC /* Release */,
			);
			defaultConfigurationIsVisible = 0;
			defaultConfigurationName = Release;
		};
		88A6176B1E53100C00EF8AFC /* Build configuration list for PBXNativeTarget "DemoUITests" */ = {
			isa = XCConfigurationList;
			buildConfigurations = (
				88A6176C1E53100C00EF8AFC /* Debug */,
				88A6176D1E53100C00EF8AFC /* Release */,
			);
			defaultConfigurationIsVisible = 0;
			defaultConfigurationName = Release;
		};
/* End XCConfigurationList section */

/* Begin XCVersionGroup section */
		88C32E361E66BFF1002753FC /* Model.xcdatamodeld */ = {
			isa = XCVersionGroup;
			children = (
				88C32E371E66BFF1002753FC /* Model.xcdatamodel */,
			);
			currentVersion = 88C32E371E66BFF1002753FC /* Model.xcdatamodel */;
			path = Model.xcdatamodeld;
			sourceTree = "<group>";
			versionGroupType = wrapper.xcdatamodel;
		};
/* End XCVersionGroup section */
	};
	rootObject = 88A617301E53100C00EF8AFC /* Project object */;
}
